<?xml version="1.0" encoding="utf-8"?>
<Project ToolsVersion="4.0" xmlns="http://schemas.microsoft.com/developer/msbuild/2003">
  <ItemGroup>
    <Filter Include="Resource Files">
      <UniqueIdentifier>{D9D6E242-F8AF-46E4-B9FD-80ECBC20BA3E}</UniqueIdentifier>
      <Extensions>qrc;*</Extensions>
      <ParseFiles>false</ParseFiles>
    </Filter>
    <Filter Include="Impl">
      <UniqueIdentifier>{06da3fba-42ab-4230-ae69-e5b162463c68}</UniqueIdentifier>
    </Filter>
    <Filter Include="Interface">
      <UniqueIdentifier>{bb61edcb-cc43-432a-8751-167f89c26db1}</UniqueIdentifier>
    </Filter>
  </ItemGroup>
  <ItemGroup>
    <ClInclude Include="..\..\..\source\Web\Parser.h">
      <Filter>Impl</Filter>
    </ClInclude>
    <ClInclude Include="..\..\..\source\Web\WebAccessImpl.h">
      <Filter>Impl</Filter>
    </ClInclude>
    <ClInclude Include="..\..\..\source\Web\WebBuilderFacadeImpl.h">
      <Filter>Impl</Filter>
    </ClInclude>
    <ClInclude Include="..\..\..\source\Web\WebServices.h">
      <Filter>Interface</Filter>
    </ClInclude>
    <ClInclude Include="..\..\..\source\Web\Definitions.h">
      <Filter>Interface</Filter>
    </ClInclude>
    <ClInclude Include="..\..\..\source\Web\DllExport.h">
      <Filter>Interface</Filter>
    </ClInclude>
    <ClInclude Include="..\..\..\source\Web\SimulationInfo.h">
      <Filter>Interface</Filter>
    </ClInclude>
    <ClInclude Include="..\..\..\source\Web\Task.h">
      <Filter>Interface</Filter>
    </ClInclude>
    <ClInclude Include="..\..\..\source\Web\WebBuilderFacade.h">
      <Filter>Interface</Filter>
    </ClInclude>
  </ItemGroup>
  <ItemGroup>
    <ClCompile Include="..\..\..\source\Web\HttpClient.cpp">
      <Filter>Impl</Filter>
    </ClCompile>
    <ClCompile Include="..\..\..\source\Web\Parser.cpp">
      <Filter>Impl</Filter>
    </ClCompile>
    <ClCompile Include="..\..\..\source\Web\WebAccessImpl.cpp">
      <Filter>Impl</Filter>
    </ClCompile>
    <ClCompile Include="..\..\..\source\Web\WebBuilderFacadeImpl.cpp">
      <Filter>Impl</Filter>
    </ClCompile>
    <ClCompile Include="..\..\..\source\Web\WebServices.cpp">
      <Filter>Interface</Filter>
    </ClCompile>
  </ItemGroup>
  <ItemGroup>
    <QtMoc Include="..\..\..\source\Web\HttpClient.h">
      <Filter>Impl</Filter>
    </QtMoc>
    <QtMoc Include="..\..\..\source\Web\WebAccess.h">
      <Filter>Interface</Filter>
    </QtMoc>
  </ItemGroup>
</Project>