<?xml version="1.0" encoding="utf-8"?>
<Project ToolsVersion="4.0" xmlns="http://schemas.microsoft.com/developer/msbuild/2003">
  <ItemGroup>
    <ClInclude Include="..\..\..\source\EngineGpuKernels\AccessKernels.cuh">
      <Filter>Impl\Kernels</Filter>
    </ClInclude>
    <ClInclude Include="..\..\..\source\EngineGpuKernels\CleanupKernels.cuh">
      <Filter>Impl\Kernels</Filter>
    </ClInclude>
    <ClInclude Include="..\..\..\source\EngineGpuKernels\DebugKernels.cuh">
      <Filter>Impl\Kernels</Filter>
    </ClInclude>
    <ClInclude Include="..\..\..\source\EngineGpuKernels\MonitorKernels.cuh">
      <Filter>Impl\Kernels</Filter>
    </ClInclude>
    <ClInclude Include="..\..\..\source\EngineGpuKernels\PhysicalActionKernels.cuh">
      <Filter>Impl\Kernels</Filter>
    </ClInclude>
    <ClInclude Include="..\..\..\source\EngineGpuKernels\RenderingKernels.cuh">
      <Filter>Impl\Kernels</Filter>
    </ClInclude>
    <ClInclude Include="..\..\..\source\EngineGpuKernels\SimulationKernels.cuh">
      <Filter>Impl\Kernels</Filter>
    </ClInclude>
    <ClInclude Include="..\..\..\source\EngineGpuKernels\Array.cuh">
      <Filter>Impl\Device</Filter>
    </ClInclude>
    <ClInclude Include="..\..\..\source\EngineGpuKernels\Base.cuh">
      <Filter>Impl\Device</Filter>
    </ClInclude>
    <ClInclude Include="..\..\..\source\EngineGpuKernels\Cell.cuh">
      <Filter>Impl\Device</Filter>
    </ClInclude>
    <ClInclude Include="..\..\..\source\EngineGpuKernels\CellComputerFunction.cuh">
      <Filter>Impl\Device</Filter>
    </ClInclude>
    <ClInclude Include="..\..\..\source\EngineGpuKernels\CellFunctionData.cuh">
      <Filter>Impl\Device</Filter>
    </ClInclude>
    <ClInclude Include="..\..\..\source\EngineGpuKernels\ClusterProcessor.cuh">
      <Filter>Impl\Device</Filter>
    </ClInclude>
    <ClInclude Include="..\..\..\source\EngineGpuKernels\CommunicatorFunction.cuh">
      <Filter>Impl\Device</Filter>
    </ClInclude>
    <ClInclude Include="..\..\..\source\EngineGpuKernels\ConstantMemory.cuh">
      <Filter>Impl\Device</Filter>
    </ClInclude>
    <ClInclude Include="..\..\..\source\EngineGpuKernels\ConstructorFunction.cuh">
      <Filter>Impl\Device</Filter>
    </ClInclude>
    <ClInclude Include="..\..\..\source\EngineGpuKernels\CudaMemoryManager.cuh">
      <Filter>Impl\Device</Filter>
    </ClInclude>
    <ClInclude Include="..\..\..\source\EngineGpuKernels\CudaMonitorData.cuh">
      <Filter>Impl\Device</Filter>
    </ClInclude>
    <ClInclude Include="..\..\..\source\EngineGpuKernels\DEBUG_cluster.cuh">
      <Filter>Impl\Device</Filter>
    </ClInclude>
    <ClInclude Include="..\..\..\source\EngineGpuKernels\Definitions.cuh">
      <Filter>Impl\Device</Filter>
    </ClInclude>
    <ClInclude Include="..\..\..\source\EngineGpuKernels\DllExport.h">
      <Filter>Impl\Device</Filter>
    </ClInclude>
    <ClInclude Include="..\..\..\source\EngineGpuKernels\DynamicMemory.cuh">
      <Filter>Impl\Device</Filter>
    </ClInclude>
    <ClInclude Include="..\..\..\source\EngineGpuKernels\EnergyGuidance.cuh">
      <Filter>Impl\Device</Filter>
    </ClInclude>
    <ClInclude Include="..\..\..\source\EngineGpuKernels\Entities.cuh">
      <Filter>Impl\Device</Filter>
    </ClInclude>
    <ClInclude Include="..\..\..\source\EngineGpuKernels\EntityFactory.cuh">
      <Filter>Impl\Device</Filter>
    </ClInclude>
    <ClInclude Include="..\..\..\source\EngineGpuKernels\HashMap.cuh">
      <Filter>Impl\Device</Filter>
    </ClInclude>
    <ClInclude Include="..\..\..\source\EngineGpuKernels\HashSet.cuh">
      <Filter>Impl\Device</Filter>
    </ClInclude>
    <ClInclude Include="..\..\..\source\EngineGpuKernels\List.cuh">
      <Filter>Impl\Device</Filter>
    </ClInclude>
    <ClInclude Include="..\..\..\source\EngineGpuKernels\Map.cuh">
      <Filter>Impl\Device</Filter>
    </ClInclude>
    <ClInclude Include="..\..\..\source\EngineGpuKernels\MapSectionCollector.cuh">
      <Filter>Impl\Device</Filter>
    </ClInclude>
    <ClInclude Include="..\..\..\source\EngineGpuKernels\Math.cuh">
      <Filter>Impl\Device</Filter>
    </ClInclude>
    <ClInclude Include="..\..\..\source\EngineGpuKernels\Particle.cuh">
      <Filter>Impl\Device</Filter>
    </ClInclude>
    <ClInclude Include="..\..\..\source\EngineGpuKernels\ParticleProcessor.cuh">
      <Filter>Impl\Device</Filter>
    </ClInclude>
    <ClInclude Include="..\..\..\source\EngineGpuKernels\Physics.cuh">
      <Filter>Impl\Device</Filter>
    </ClInclude>
    <ClInclude Include="..\..\..\source\EngineGpuKernels\PropulsionFunction.cuh">
      <Filter>Impl\Device</Filter>
    </ClInclude>
    <ClInclude Include="..\..\..\source\EngineGpuKernels\QuantityConverter.cuh">
      <Filter>Impl\Device</Filter>
    </ClInclude>
    <ClInclude Include="..\..\..\source\EngineGpuKernels\ScannerFunction.cuh">
      <Filter>Impl\Device</Filter>
    </ClInclude>
    <ClInclude Include="..\..\..\source\EngineGpuKernels\SensorFunction.cuh">
      <Filter>Impl\Device</Filter>
    </ClInclude>
    <ClInclude Include="..\..\..\source\EngineGpuKernels\SimulationData.cuh">
      <Filter>Impl\Device</Filter>
    </ClInclude>
    <ClInclude Include="..\..\..\source\EngineGpuKernels\SimulationExecutionParameters.h">
      <Filter>Impl\Device</Filter>
    </ClInclude>
    <ClInclude Include="..\..\..\source\EngineGpuKernels\Token.cuh">
      <Filter>Impl\Device</Filter>
    </ClInclude>
    <ClInclude Include="..\..\..\source\EngineGpuKernels\TokenProcessor.cuh">
      <Filter>Impl\Device</Filter>
    </ClInclude>
    <ClInclude Include="..\..\..\source\EngineGpuKernels\WeaponFunction.cuh">
      <Filter>Impl\Device</Filter>
    </ClInclude>
    <ClInclude Include="..\..\..\source\EngineGpuKernels\AccessTOs.cuh">
      <Filter>Interface</Filter>
    </ClInclude>
    <ClInclude Include="..\..\..\source\EngineGpuKernels\CudaConstants.h">
      <Filter>Interface</Filter>
    </ClInclude>
    <ClInclude Include="..\..\..\source\EngineGpuKernels\CudaSimulation.cuh">
      <Filter>Interface</Filter>
    </ClInclude>
    <ClInclude Include="..\..\..\source\EngineGpuKernels\Macros.cuh">
      <Filter>Interface</Filter>
    </ClInclude>
    <ClInclude Include="..\..\..\source\EngineGpuKernels\CellProcessor.cuh">
      <Filter>Impl\Device</Filter>
    </ClInclude>
    <ClInclude Include="..\..\..\source\EngineGpuKernels\Operation.cuh">
      <Filter>Impl\Device</Filter>
    </ClInclude>
    <ClInclude Include="..\..\..\source\EngineGpuKernels\CellConnectionProcessor.cuh">
      <Filter>Impl\Device</Filter>
    </ClInclude>
  </ItemGroup>
  <ItemGroup>
    <Filter Include="Impl">
      <UniqueIdentifier>{19a3d7b7-f53b-4a70-b879-a68a58ad4c9c}</UniqueIdentifier>
    </Filter>
    <Filter Include="Interface">
      <UniqueIdentifier>{ff727f4a-d3c5-4abe-beda-5c7f47afafd6}</UniqueIdentifier>
    </Filter>
    <Filter Include="Impl\Kernels">
      <UniqueIdentifier>{0222c8e3-fb68-4d78-9f90-5ea9c7051bbb}</UniqueIdentifier>
    </Filter>
    <Filter Include="Impl\Device">
      <UniqueIdentifier>{abca6879-5e7f-459e-99da-40605119fdcf}</UniqueIdentifier>
    </Filter>
  </ItemGroup>
  <ItemGroup>
    <CudaCompile Include="..\..\..\source\EngineGpuKernels\CudaSimulation.cu">
      <Filter>Interface</Filter>
    </CudaCompile>
  </ItemGroup>
</Project>