
Microsoft Visual Studio Solution File, Format Version 12.00
# Visual Studio Version 16
VisualStudioVersion = 16.0.30907.101
MinimumVisualStudioVersion = 10.0.40219.1
Project("{8BC9CEB8-8B4A-11D0-8D11-00A0C91BC942}") = "Base", "Base\Base.vcxproj", "{D21FEC07-76D6-417F-96B7-19D424778A5C}"
EndProject
Project("{8BC9CEB8-8B4A-11D0-8D11-00A0C91BC942}") = "EngineInterface", "EngineInterface\EngineInterface.vcxproj", "{29F70C63-C87A-42AE-98DE-B6A5353BC2F3}"
EndProject
Project("{8BC9CEB8-8B4A-11D0-8D11-00A0C91BC942}") = "EngineGpuKernels", "EngineGpuKernels\EngineGpuKernels.vcxproj", "{02A2A49E-340C-4994-B90F-A6C05742CB0D}"
EndProject
Project("{8BC9CEB8-8B4A-11D0-8D11-00A0C91BC942}") = "EngineGpu", "EngineGpu\EngineGpu.vcxproj", "{0063D35F-D8DF-4C02-A26D-93972DF63A33}"
EndProject
Project("{8BC9CEB8-8B4A-11D0-8D11-00A0C91BC942}") = "Web", "Web\Web.vcxproj", "{CB4055B9-F8CE-4FE2-B876-1B3762A67FB6}"
EndProject
Project("{8BC9CEB8-8B4A-11D0-8D11-00A0C91BC942}") = "Gui", "Gui\Gui.vcxproj", "{28DE882B-0230-4248-A868-B4E86EACDEE3}"
EndProject
Global
	GlobalSection(SolutionConfigurationPlatforms) = preSolution
		Debug|x64 = Debug|x64
		Release|x64 = Release|x64
	EndGlobalSection
	GlobalSection(ProjectConfigurationPlatforms) = postSolution
		{D21FEC07-76D6-417F-96B7-19D424778A5C}.Debug|x64.ActiveCfg = Debug|x64
		{D21FEC07-76D6-417F-96B7-19D424778A5C}.Debug|x64.Build.0 = Debug|x64
		{D21FEC07-76D6-417F-96B7-19D424778A5C}.Release|x64.ActiveCfg = Release|x64
		{D21FEC07-76D6-417F-96B7-19D424778A5C}.Release|x64.Build.0 = Release|x64
		{29F70C63-C87A-42AE-98DE-B6A5353BC2F3}.Debug|x64.ActiveCfg = Debug|x64
		{29F70C63-C87A-42AE-98DE-B6A5353BC2F3}.Debug|x64.Build.0 = Debug|x64
		{29F70C63-C87A-42AE-98DE-B6A5353BC2F3}.Release|x64.ActiveCfg = Release|x64
		{29F70C63-C87A-42AE-98DE-B6A5353BC2F3}.Release|x64.Build.0 = Release|x64
		{02A2A49E-340C-4994-B90F-A6C05742CB0D}.Debug|x64.ActiveCfg = Debug|x64
		{02A2A49E-340C-4994-B90F-A6C05742CB0D}.Debug|x64.Build.0 = Debug|x64
		{02A2A49E-340C-4994-B90F-A6C05742CB0D}.Release|x64.ActiveCfg = Release|x64
		{02A2A49E-340C-4994-B90F-A6C05742CB0D}.Release|x64.Build.0 = Release|x64
		{0063D35F-D8DF-4C02-A26D-93972DF63A33}.Debug|x64.ActiveCfg = Debug|x64
		{0063D35F-D8DF-4C02-A26D-93972DF63A33}.Debug|x64.Build.0 = Debug|x64
		{0063D35F-D8DF-4C02-A26D-93972DF63A33}.Release|x64.ActiveCfg = Release|x64
		{0063D35F-D8DF-4C02-A26D-93972DF63A33}.Release|x64.Build.0 = Release|x64
		{CB4055B9-F8CE-4FE2-B876-1B3762A67FB6}.Debug|x64.ActiveCfg = Debug|x64
		{CB4055B9-F8CE-4FE2-B876-1B3762A67FB6}.Debug|x64.Build.0 = Debug|x64
		{CB4055B9-F8CE-4FE2-B876-1B3762A67FB6}.Release|x64.ActiveCfg = Release|x64
		{CB4055B9-F8CE-4FE2-B876-1B3762A67FB6}.Release|x64.Build.0 = Release|x64
		{28DE882B-0230-4248-A868-B4E86EACDEE3}.Debug|x64.ActiveCfg = Debug|x64
		{28DE882B-0230-4248-A868-B4E86EACDEE3}.Debug|x64.Build.0 = Debug|x64
		{28DE882B-0230-4248-A868-B4E86EACDEE3}.Release|x64.ActiveCfg = Release|x64
		{28DE882B-0230-4248-A868-B4E86EACDEE3}.Release|x64.Build.0 = Release|x64
	EndGlobalSection
	GlobalSection(SolutionProperties) = preSolution
		HideSolutionNode = FALSE
	EndGlobalSection
	GlobalSection(ExtensibilityGlobals) = postSolution
		SolutionGuid = {3652C6E2-9897-4292-9E6B-91260A5AB943}
	EndGlobalSection
EndGlobal
