<?xml version="1.0" encoding="utf-8"?>
<Project ToolsVersion="4.0" xmlns="http://schemas.microsoft.com/developer/msbuild/2003">
  <ItemGroup>
    <Filter Include="Resource Files">
      <UniqueIdentifier>{D9D6E242-F8AF-46E4-B9FD-80ECBC20BA3E}</UniqueIdentifier>
      <Extensions>qrc;*</Extensions>
      <ParseFiles>false</ParseFiles>
    </Filter>
    <Filter Include="Impl">
      <UniqueIdentifier>{46bb22da-2b66-4aaf-86bd-5868c723d990}</UniqueIdentifier>
    </Filter>
    <Filter Include="Interface">
      <UniqueIdentifier>{396b1f7b-9932-47a2-903d-9f7e351a1a00}</UniqueIdentifier>
    </Filter>
  </ItemGroup>
  <ItemGroup>
    <ClCompile Include="..\..\..\source\Base\GlobalFactoryImpl.cpp">
      <Filter>Impl</Filter>
    </ClCompile>
    <ClCompile Include="..\..\..\source\Base\NumberGeneratorImpl.cpp">
      <Filter>Impl</Filter>
    </ClCompile>
    <ClCompile Include="..\..\..\source\Base\Definitions.cpp">
      <Filter>Interface</Filter>
    </ClCompile>
    <ClCompile Include="..\..\..\source\Base\Job.cpp">
      <Filter>Interface</Filter>
    </ClCompile>
    <ClCompile Include="..\..\..\source\Base\ServiceLocator.cpp">
      <Filter>Interface</Filter>
    </ClCompile>
    <ClCompile Include="..\..\..\source\Base\Worker.cpp">
      <Filter>Interface</Filter>
    </ClCompile>
  </ItemGroup>
  <ItemGroup>
    <ClInclude Include="..\..\..\source\Base\GlobalFactoryImpl.h">
      <Filter>Impl</Filter>
    </ClInclude>
    <ClInclude Include="..\..\..\source\Base\NumberGeneratorImpl.h">
      <Filter>Impl</Filter>
    </ClInclude>
    <ClInclude Include="..\..\..\source\Base\Definitions.h">
      <Filter>Interface</Filter>
    </ClInclude>
    <ClInclude Include="..\..\..\source\Base\DllExport.h">
      <Filter>Interface</Filter>
    </ClInclude>
    <ClInclude Include="..\..\..\source\Base\GlobalFactory.h">
      <Filter>Interface</Filter>
    </ClInclude>
    <ClInclude Include="..\..\..\source\Base\ServiceLocator.h">
      <Filter>Interface</Filter>
    </ClInclude>
    <ClInclude Include="..\..\..\source\Base\Tracker.h">
      <Filter>Interface</Filter>
    </ClInclude>
    <ClInclude Include="..\..\..\source\Base\Worker.h">
      <Filter>Interface</Filter>
    </ClInclude>
  </ItemGroup>
  <ItemGroup>
    <QtMoc Include="..\..\..\source\Base\Job.h">
      <Filter>Interface</Filter>
    </QtMoc>
    <QtMoc Include="..\..\..\source\Base\NumberGenerator.h">
      <Filter>Interface</Filter>
    </QtMoc>
  </ItemGroup>
</Project>