
Microsoft Visual Studio Solution File, Format Version 12.00
# Visual Studio 14
VisualStudioVersion = 14.0.25420.1
MinimumVisualStudioVersion = 10.0.40219.1
Project("{8BC9CEB8-8B4A-11D0-8D11-00A0C91BC942}") = "tests", "..\Tests\tests.vcxproj", "{B12702AD-ABFB-343A-A199-8E24837244A3}"
EndProject
Project("{8BC9CEB8-8B4A-11D0-8D11-00A0C91BC942}") = "Model", "..\Model\model.vcxproj", "{046B2F85-571F-35CC-B683-6C420049404B}"
EndProject
Project("{8BC9CEB8-8B4A-11D0-8D11-00A0C91BC942}") = "Gui", "gui.vcxproj", "{F9C0C391-A913-45C6-85BF-CE5FBF7D1876}"
EndProject
Project("{8BC9CEB8-8B4A-11D0-8D11-00A0C91BC942}") = "gtest-md", "..\..\external\gtest\googletest\msvc\gtest-md.vcxproj", "{C8F6C172-56F2-4E76-B5FA-C3B423B31BE8}"
EndProject
Project("{8BC9CEB8-8B4A-11D0-8D11-00A0C91BC942}") = "Base", "..\Base\Base.vcxproj", "{21BB3377-A473-473C-A064-396EC67979AB}"
EndProject
Global
	GlobalSection(SolutionConfigurationPlatforms) = preSolution
		Debug|x64 = Debug|x64
		Debug|x86 = Debug|x86
		Release|x64 = Release|x64
		Release|x86 = Release|x86
	EndGlobalSection
	GlobalSection(ProjectConfigurationPlatforms) = postSolution
		{B12702AD-ABFB-343A-A199-8E24837244A3}.Debug|x64.ActiveCfg = Debug|x64
		{B12702AD-ABFB-343A-A199-8E24837244A3}.Debug|x64.Build.0 = Debug|x64
		{B12702AD-ABFB-343A-A199-8E24837244A3}.Debug|x86.ActiveCfg = Debug|Win32
		{B12702AD-ABFB-343A-A199-8E24837244A3}.Debug|x86.Build.0 = Debug|Win32
		{B12702AD-ABFB-343A-A199-8E24837244A3}.Release|x64.ActiveCfg = Release|x64
		{B12702AD-ABFB-343A-A199-8E24837244A3}.Release|x64.Build.0 = Release|x64
		{B12702AD-ABFB-343A-A199-8E24837244A3}.Release|x86.ActiveCfg = Release|Win32
		{B12702AD-ABFB-343A-A199-8E24837244A3}.Release|x86.Build.0 = Release|Win32
		{046B2F85-571F-35CC-B683-6C420049404B}.Debug|x64.ActiveCfg = Debug|x64
		{046B2F85-571F-35CC-B683-6C420049404B}.Debug|x64.Build.0 = Debug|x64
		{046B2F85-571F-35CC-B683-6C420049404B}.Debug|x86.ActiveCfg = Debug|x64
		{046B2F85-571F-35CC-B683-6C420049404B}.Release|x64.ActiveCfg = Release|x64
		{046B2F85-571F-35CC-B683-6C420049404B}.Release|x64.Build.0 = Release|x64
		{046B2F85-571F-35CC-B683-6C420049404B}.Release|x86.ActiveCfg = Release|x64
		{F9C0C391-A913-45C6-85BF-CE5FBF7D1876}.Debug|x64.ActiveCfg = Debug|x64
		{F9C0C391-A913-45C6-85BF-CE5FBF7D1876}.Debug|x64.Build.0 = Debug|x64
		{F9C0C391-A913-45C6-85BF-CE5FBF7D1876}.Debug|x86.ActiveCfg = Debug|Win32
		{F9C0C391-A913-45C6-85BF-CE5FBF7D1876}.Debug|x86.Build.0 = Debug|Win32
		{F9C0C391-A913-45C6-85BF-CE5FBF7D1876}.Release|x64.ActiveCfg = Release|x64
		{F9C0C391-A913-45C6-85BF-CE5FBF7D1876}.Release|x64.Build.0 = Release|x64
		{F9C0C391-A913-45C6-85BF-CE5FBF7D1876}.Release|x86.ActiveCfg = Release|Win32
		{F9C0C391-A913-45C6-85BF-CE5FBF7D1876}.Release|x86.Build.0 = Release|Win32
		{C8F6C172-56F2-4E76-B5FA-C3B423B31BE8}.Debug|x64.ActiveCfg = Debug|x64
		{C8F6C172-56F2-4E76-B5FA-C3B423B31BE8}.Debug|x86.ActiveCfg = Debug|Win32
		{C8F6C172-56F2-4E76-B5FA-C3B423B31BE8}.Debug|x86.Build.0 = Debug|Win32
		{C8F6C172-56F2-4E76-B5FA-C3B423B31BE8}.Release|x64.ActiveCfg = Release|x64
		{C8F6C172-56F2-4E76-B5FA-C3B423B31BE8}.Release|x64.Build.0 = Release|x64
		{C8F6C172-56F2-4E76-B5FA-C3B423B31BE8}.Release|x86.ActiveCfg = Release|Win32
		{C8F6C172-56F2-4E76-B5FA-C3B423B31BE8}.Release|x86.Build.0 = Release|Win32
		{21BB3377-A473-473C-A064-396EC67979AB}.Debug|x64.ActiveCfg = Debug|x64
		{21BB3377-A473-473C-A064-396EC67979AB}.Debug|x64.Build.0 = Debug|x64
		{21BB3377-A473-473C-A064-396EC67979AB}.Debug|x86.ActiveCfg = Debug|Win32
		{21BB3377-A473-473C-A064-396EC67979AB}.Debug|x86.Build.0 = Debug|Win32
		{21BB3377-A473-473C-A064-396EC67979AB}.Release|x64.ActiveCfg = Release|x64
		{21BB3377-A473-473C-A064-396EC67979AB}.Release|x64.Build.0 = Release|x64
		{21BB3377-A473-473C-A064-396EC67979AB}.Release|x86.ActiveCfg = Release|Win32
		{21BB3377-A473-473C-A064-396EC67979AB}.Release|x86.Build.0 = Release|Win32
	EndGlobalSection
	GlobalSection(SolutionProperties) = preSolution
		HideSolutionNode = FALSE
	EndGlobalSection
EndGlobal
