<?xml version="1.0" encoding="utf-8"?>
<Project ToolsVersion="4.0" xmlns="http://schemas.microsoft.com/developer/msbuild/2003">
  <ItemGroup>
    <Filter Include="Source Files">
      <UniqueIdentifier>{4FC737F1-C7A5-4376-A066-2A32D752A2FF}</UniqueIdentifier>
      <Extensions>cpp;c;cc;cxx;def;odl;idl;hpj;bat;asm;asmx</Extensions>
    </Filter>
    <Filter Include="Header Files">
      <UniqueIdentifier>{93995380-89BD-4b04-88EB-625FBE52EBFB}</UniqueIdentifier>
      <Extensions>h;hh;hpp;hxx;hm;inl;inc;xsd</Extensions>
    </Filter>
    <Filter Include="Resource Files">
      <UniqueIdentifier>{67DA6AB6-F800-4c08-8B7A-83BB121AAD01}</UniqueIdentifier>
      <Extensions>rc;ico;cur;bmp;dlg;rc2;rct;bin;rgs;gif;jpg;jpeg;jpe;resx;tiff;tif;png;wav;mfcribbon-ms</Extensions>
    </Filter>
    <Filter Include="Resource Files">
      <UniqueIdentifier>{D9D6E242-F8AF-46E4-B9FD-80ECBC20BA3E}</UniqueIdentifier>
      <Extensions>qrc;*</Extensions>
      <ParseFiles>false</ParseFiles>
    </Filter>
  </ItemGroup>
  <ItemGroup>
    <QtMoc Include="..\..\..\source\EngineInterface\CellComputerCompiler.h">
      <Filter>Header Files</Filter>
    </QtMoc>
    <QtMoc Include="..\..\..\source\EngineInterface\CellComputerCompilerImpl.h">
      <Filter>Header Files</Filter>
    </QtMoc>
    <QtMoc Include="..\..\..\source\EngineInterface\DescriptionHelperImpl.h">
      <Filter>Header Files</Filter>
    </QtMoc>
    <QtMoc Include="..\..\..\source\EngineInterface\Serializer.h">
      <Filter>Header Files</Filter>
    </QtMoc>
    <QtMoc Include="..\..\..\source\EngineInterface\SerializerImpl.h">
      <Filter>Header Files</Filter>
    </QtMoc>
    <QtMoc Include="..\..\..\source\EngineInterface\SimulationAccess.h">
      <Filter>Header Files</Filter>
    </QtMoc>
    <QtMoc Include="..\..\..\source\EngineInterface\SimulationChanger.h">
      <Filter>Header Files</Filter>
    </QtMoc>
    <QtMoc Include="..\..\..\source\EngineInterface\SimulationChangerImpl.h">
      <Filter>Header Files</Filter>
    </QtMoc>
    <QtMoc Include="..\..\..\source\EngineInterface\SimulationContext.h">
      <Filter>Header Files</Filter>
    </QtMoc>
    <QtMoc Include="..\..\..\source\EngineInterface\SimulationController.h">
      <Filter>Header Files</Filter>
    </QtMoc>
    <QtMoc Include="..\..\..\source\EngineInterface\SimulationMonitor.h">
      <Filter>Header Files</Filter>
    </QtMoc>
    <QtMoc Include="..\..\..\source\EngineInterface\SpaceProperties.h">
      <Filter>Header Files</Filter>
    </QtMoc>
    <QtMoc Include="..\..\..\source\EngineInterface\SymbolTable.h">
      <Filter>Header Files</Filter>
    </QtMoc>
  </ItemGroup>
  <ItemGroup>
    <ClCompile Include="..\..\..\source\EngineInterface\CellComputerCompilerImpl.cpp">
      <Filter>Source Files</Filter>
    </ClCompile>
    <ClCompile Include="..\..\..\source\EngineInterface\ChangeDescriptions.cpp">
      <Filter>Source Files</Filter>
    </ClCompile>
    <ClCompile Include="..\..\..\source\EngineInterface\DescriptionFactoryImpl.cpp">
      <Filter>Source Files</Filter>
    </ClCompile>
    <ClCompile Include="..\..\..\source\EngineInterface\DescriptionHelper.cpp">
      <Filter>Source Files</Filter>
    </ClCompile>
    <ClCompile Include="..\..\..\source\EngineInterface\DescriptionHelperImpl.cpp">
      <Filter>Source Files</Filter>
    </ClCompile>
    <ClCompile Include="..\..\..\source\EngineInterface\Descriptions.cpp">
      <Filter>Source Files</Filter>
    </ClCompile>
    <ClCompile Include="..\..\..\source\EngineInterface\ModelBasicBuilderFacadeImpl.cpp">
      <Filter>Source Files</Filter>
    </ClCompile>
    <ClCompile Include="..\..\..\source\EngineInterface\ModelBasicServices.cpp">
      <Filter>Source Files</Filter>
    </ClCompile>
    <ClCompile Include="..\..\..\source\EngineInterface\ModelBasicSettings.cpp">
      <Filter>Source Files</Filter>
    </ClCompile>
    <ClCompile Include="..\..\..\source\EngineInterface\Physics.cpp">
      <Filter>Source Files</Filter>
    </ClCompile>
    <ClCompile Include="..\..\..\source\EngineInterface\QuantityConverter.cpp">
      <Filter>Source Files</Filter>
    </ClCompile>
    <ClCompile Include="..\..\..\source\EngineInterface\SerializerImpl.cpp">
      <Filter>Source Files</Filter>
    </ClCompile>
    <ClCompile Include="..\..\..\source\EngineInterface\SimulationChangerImpl.cpp">
      <Filter>Source Files</Filter>
    </ClCompile>
    <ClCompile Include="..\..\..\source\EngineInterface\SimulationParametersCalculator.cpp">
      <Filter>Source Files</Filter>
    </ClCompile>
    <ClCompile Include="..\..\..\source\EngineInterface\SpaceProperties.cpp">
      <Filter>Source Files</Filter>
    </ClCompile>
    <ClCompile Include="..\..\..\source\EngineInterface\SymbolTable.cpp">
      <Filter>Source Files</Filter>
    </ClCompile>
  </ItemGroup>
  <ItemGroup>
    <ClInclude Include="..\..\..\source\EngineInterface\ChangeDescriptions.h">
      <Filter>Header Files</Filter>
    </ClInclude>
    <ClInclude Include="..\..\..\source\EngineInterface\Colors.h">
      <Filter>Header Files</Filter>
    </ClInclude>
    <ClInclude Include="..\..\..\source\EngineInterface\CompilerHelper.h">
      <Filter>Header Files</Filter>
    </ClInclude>
    <ClInclude Include="..\..\..\source\EngineInterface\Definitions.h">
      <Filter>Header Files</Filter>
    </ClInclude>
    <ClInclude Include="..\..\..\source\EngineInterface\DescriptionFactory.h">
      <Filter>Header Files</Filter>
    </ClInclude>
    <ClInclude Include="..\..\..\source\EngineInterface\DescriptionFactoryImpl.h">
      <Filter>Header Files</Filter>
    </ClInclude>
    <ClInclude Include="..\..\..\source\EngineInterface\DescriptionHelper.h">
      <Filter>Header Files</Filter>
    </ClInclude>
    <ClInclude Include="..\..\..\source\EngineInterface\Descriptions.h">
      <Filter>Header Files</Filter>
    </ClInclude>
    <ClInclude Include="..\..\..\source\EngineInterface\DllExport.h">
      <Filter>Header Files</Filter>
    </ClInclude>
    <ClInclude Include="..\..\..\source\EngineInterface\ElementaryTypes.h">
      <Filter>Header Files</Filter>
    </ClInclude>
    <ClInclude Include="..\..\..\source\EngineInterface\ExecutionParameters.h">
      <Filter>Header Files</Filter>
    </ClInclude>
    <ClInclude Include="..\..\..\source\EngineInterface\Metadata.h">
      <Filter>Header Files</Filter>
    </ClInclude>
    <ClInclude Include="..\..\..\source\EngineInterface\ModelBasicBuilderFacade.h">
      <Filter>Header Files</Filter>
    </ClInclude>
    <ClInclude Include="..\..\..\source\EngineInterface\ModelBasicBuilderFacadeImpl.h">
      <Filter>Header Files</Filter>
    </ClInclude>
    <ClInclude Include="..\..\..\source\EngineInterface\ModelBasicServices.h">
      <Filter>Header Files</Filter>
    </ClInclude>
    <ClInclude Include="..\..\..\source\EngineInterface\ModelBasicSettings.h">
      <Filter>Header Files</Filter>
    </ClInclude>
    <ClInclude Include="..\..\..\source\EngineInterface\MonitorData.h">
      <Filter>Header Files</Filter>
    </ClInclude>
    <ClInclude Include="..\..\..\source\EngineInterface\PhysicalActions.h">
      <Filter>Header Files</Filter>
    </ClInclude>
    <ClInclude Include="..\..\..\source\EngineInterface\Physics.h">
      <Filter>Header Files</Filter>
    </ClInclude>
    <ClInclude Include="..\..\..\source\EngineInterface\QuantityConverter.h">
      <Filter>Header Files</Filter>
    </ClInclude>
    <ClInclude Include="..\..\..\source\EngineInterface\SerializationHelper.h">
      <Filter>Header Files</Filter>
    </ClInclude>
    <ClInclude Include="..\..\..\source\EngineInterface\SimulationParameters.h">
      <Filter>Header Files</Filter>
    </ClInclude>
    <ClInclude Include="..\..\..\source\EngineInterface\SimulationParametersCalculator.h">
      <Filter>Header Files</Filter>
    </ClInclude>
  </ItemGroup>
</Project>