<?xml version="1.0" encoding="utf-8"?>
<Project ToolsVersion="4.0" xmlns="http://schemas.microsoft.com/developer/msbuild/2003">
  <ItemGroup>
    <Filter Include="Resource Files">
      <UniqueIdentifier>{67DA6AB6-F800-4c08-8B7A-83BB121AAD01}</UniqueIdentifier>
      <Extensions>rc;ico;cur;bmp;dlg;rc2;rct;bin;rgs;gif;jpg;jpeg;jpe;resx;tiff;tif;png;wav;mfcribbon-ms</Extensions>
    </Filter>
    <Filter Include="Resource Files">
      <UniqueIdentifier>{D9D6E242-F8AF-46E4-B9FD-80ECBC20BA3E}</UniqueIdentifier>
      <Extensions>qrc;*</Extensions>
      <ParseFiles>false</ParseFiles>
    </Filter>
    <Filter Include="Impl">
      <UniqueIdentifier>{4FC737F1-C7A5-4376-A066-2A32D752A2FF}</UniqueIdentifier>
      <Extensions>cpp;c;cc;cxx;def;odl;idl;hpj;bat;asm;asmx</Extensions>
    </Filter>
  </ItemGroup>
  <ItemGroup>
    <ClCompile Include="..\..\..\source\Tests\CellComputerGpuTests.cpp">
      <Filter>Impl</Filter>
    </ClCompile>
    <ClCompile Include="..\..\..\source\Tests\CellConnectorGpuTest.cpp">
      <Filter>Impl</Filter>
    </ClCompile>
    <ClCompile Include="..\..\..\source\Tests\ChangeDescriptionsTest.cpp">
      <Filter>Impl</Filter>
    </ClCompile>
    <ClCompile Include="..\..\..\source\Tests\CleanupGpuTests.cpp">
      <Filter>Impl</Filter>
    </ClCompile>
    <ClCompile Include="..\..\..\source\Tests\ClusterGpuTests.cpp">
      <Filter>Impl</Filter>
    </ClCompile>
    <ClCompile Include="..\..\..\source\Tests\CommunicatorGpuTests.cpp">
      <Filter>Impl</Filter>
    </ClCompile>
    <ClCompile Include="..\..\..\source\Tests\ConstructurGpuTests.cpp">
      <Filter>Impl</Filter>
    </ClCompile>
    <ClCompile Include="..\..\..\source\Tests\DataDescriptionTransferGpuTests.cpp">
      <Filter>Impl</Filter>
    </ClCompile>
    <ClCompile Include="..\..\..\source\Tests\GpuBenchmark.cpp">
      <Filter>Impl</Filter>
    </ClCompile>
    <ClCompile Include="..\..\..\source\Tests\IntegrationGpuTestFramework.cpp">
      <Filter>Impl</Filter>
    </ClCompile>
    <ClCompile Include="..\..\..\source\Tests\IntegrationTestFramework.cpp">
      <Filter>Impl</Filter>
    </ClCompile>
    <ClCompile Include="..\..\..\source\Tests\IntegrationTestHelper.cpp">
      <Filter>Impl</Filter>
    </ClCompile>
    <ClCompile Include="..\..\..\source\Tests\NumberGeneratorTest.cpp">
      <Filter>Impl</Filter>
    </ClCompile>
    <ClCompile Include="..\..\..\source\Tests\ParticleGpuTests.cpp">
      <Filter>Impl</Filter>
    </ClCompile>
    <ClCompile Include="..\..\..\source\Tests\PhysicsTest.cpp">
      <Filter>Impl</Filter>
    </ClCompile>
    <ClCompile Include="..\..\..\source\Tests\Predicates.cpp">
      <Filter>Impl</Filter>
    </ClCompile>
    <ClCompile Include="..\..\..\source\Tests\PropulsionGpuTests.cpp">
      <Filter>Impl</Filter>
    </ClCompile>
    <ClCompile Include="..\..\..\source\Tests\ReplicatorGpuTests.cpp">
      <Filter>Impl</Filter>
    </ClCompile>
    <ClCompile Include="..\..\..\source\Tests\ScannerGpuTests.cpp">
      <Filter>Impl</Filter>
    </ClCompile>
    <ClCompile Include="..\..\..\source\Tests\SensorGpuTests.cpp">
      <Filter>Impl</Filter>
    </ClCompile>
    <ClCompile Include="..\..\..\source\Tests\TestSuite.cpp">
      <Filter>Impl</Filter>
    </ClCompile>
    <ClCompile Include="..\..\..\source\Tests\TokenEnergyGuidanceSimulationGpuTests.cpp">
      <Filter>Impl</Filter>
    </ClCompile>
    <ClCompile Include="..\..\..\source\Tests\TokenSpreadingGpuTests.cpp">
      <Filter>Impl</Filter>
    </ClCompile>
    <ClCompile Include="..\..\..\source\Tests\WeaponGpuTests.cpp">
      <Filter>Impl</Filter>
    </ClCompile>
    <ClCompile Include="..\..\..\source\Tests\MovementGpuTests.cpp">
      <Filter>Impl</Filter>
    </ClCompile>
  </ItemGroup>
  <ItemGroup>
    <ClInclude Include="..\..\..\source\Tests\IntegrationGpuTestFramework.h">
      <Filter>Impl</Filter>
    </ClInclude>
    <ClInclude Include="..\..\..\source\Tests\IntegrationTestFramework.h">
      <Filter>Impl</Filter>
    </ClInclude>
    <ClInclude Include="..\..\..\source\Tests\IntegrationTestHelper.h">
      <Filter>Impl</Filter>
    </ClInclude>
    <ClInclude Include="..\..\..\source\Tests\Predicates.h">
      <Filter>Impl</Filter>
    </ClInclude>
    <ClInclude Include="..\..\..\source\Tests\TestSettings.h">
      <Filter>Impl</Filter>
    </ClInclude>
  </ItemGroup>
  <ItemGroup>
    <None Include="packages.config" />
  </ItemGroup>
  <ItemGroup>
    <QtRcc Include="..\..\..\source\Tests\Resources\Resources.qrc">
      <Filter>Resource Files</Filter>
    </QtRcc>
  </ItemGroup>
</Project>