<?xml version="1.0" encoding="utf-8"?>
<Project ToolsVersion="4.0" xmlns="http://schemas.microsoft.com/developer/msbuild/2003">
  <ItemGroup>
    <Filter Include="Generated Files">
      <UniqueIdentifier>{71ED8ED8-ACB9-4CE9-BBE1-E00B30144E11}</UniqueIdentifier>
      <Extensions>moc;h;cpp</Extensions>
      <ParseFiles>true</ParseFiles>
    </Filter>
    <Filter Include="Generated Files\Tests">
      <UniqueIdentifier>{1d3a50fc-7f01-43c7-8599-3adc27041d64}</UniqueIdentifier>
      <Extensions>cpp;moc</Extensions>
      <SourceControlFiles>False</SourceControlFiles>
    </Filter>
    <Filter Include="Generated Files\Debug">
      <UniqueIdentifier>{c21dafc5-bb52-4b22-9d84-682be24ae898}</UniqueIdentifier>
      <Extensions>cpp;moc</Extensions>
      <SourceControlFiles>False</SourceControlFiles>
    </Filter>
    <Filter Include="Generated Files\Release">
      <UniqueIdentifier>{d765ae42-0ba0-421d-9060-7d89740f7408}</UniqueIdentifier>
      <Extensions>cpp;moc</Extensions>
      <SourceControlFiles>False</SourceControlFiles>
    </Filter>
    <Filter Include="Source Files">
      <UniqueIdentifier>{6941b21d-8d5c-424e-8b9e-80bfd6f9a835}</UniqueIdentifier>
    </Filter>
    <Filter Include="Source Files\IntegrationTests">
      <UniqueIdentifier>{6365e238-939b-4705-8fc8-dad83792a6ef}</UniqueIdentifier>
    </Filter>
    <Filter Include="Source Files\UnitTests">
      <UniqueIdentifier>{759055df-0c1a-4a24-8460-a029547b12e7}</UniqueIdentifier>
    </Filter>
    <Filter Include="Source Files\IntegrationTests\GPU">
      <UniqueIdentifier>{47c502e9-e63e-4ff5-89b1-44357c4855ca}</UniqueIdentifier>
    </Filter>
    <Filter Include="Source Files\IntegrationTests\CPU">
      <UniqueIdentifier>{e1b46046-88d0-413a-8560-2e73df617ff4}</UniqueIdentifier>
    </Filter>
  </ItemGroup>
  <ItemGroup>
    <ClCompile Include="..\..\source\Tests\IntegrationTestFramework.cpp">
      <Filter>Source Files\IntegrationTests</Filter>
    </ClCompile>
    <ClCompile Include="..\..\source\Tests\CellClusterTest.cpp">
      <Filter>Source Files\UnitTests</Filter>
    </ClCompile>
    <ClCompile Include="..\..\source\Tests\CellConnectorTest.cpp">
      <Filter>Source Files\UnitTests</Filter>
    </ClCompile>
    <ClCompile Include="..\..\source\Tests\ChangeDescriptionsTest.cpp">
      <Filter>Source Files\UnitTests</Filter>
    </ClCompile>
    <ClCompile Include="..\..\source\Tests\MapCompartmentTest.cpp">
      <Filter>Source Files\UnitTests</Filter>
    </ClCompile>
    <ClCompile Include="..\..\source\Tests\NumberGeneratorTest.cpp">
      <Filter>Source Files\UnitTests</Filter>
    </ClCompile>
    <ClCompile Include="..\..\source\Tests\PhysicsTest.cpp">
      <Filter>Source Files\UnitTests</Filter>
    </ClCompile>
    <ClCompile Include="..\..\source\Tests\UnitGridTest.cpp">
      <Filter>Source Files\UnitTests</Filter>
    </ClCompile>
    <ClCompile Include="..\..\source\Tests\UnitThreadControllerImplTest.cpp">
      <Filter>Source Files\UnitTests</Filter>
    </ClCompile>
    <ClCompile Include="..\..\source\Tests\Predicates.cpp">
      <Filter>Source Files</Filter>
    </ClCompile>
    <ClCompile Include="..\..\source\Tests\TestSuite.cpp">
      <Filter>Source Files</Filter>
    </ClCompile>
    <ClCompile Include="..\..\source\Tests\TokenEnergyGuidanceSimulationGpuTests.cpp">
      <Filter>Source Files\IntegrationTests\GPU</Filter>
    </ClCompile>
    <ClCompile Include="..\..\source\Tests\GpuBenchmark.cpp">
      <Filter>Source Files\IntegrationTests\GPU</Filter>
    </ClCompile>
    <ClCompile Include="..\..\source\Tests\IntegrationGpuTestFramework.cpp">
      <Filter>Source Files\IntegrationTests\GPU</Filter>
    </ClCompile>
    <ClCompile Include="..\..\source\Tests\PropulsionGpuTests.cpp">
      <Filter>Source Files\IntegrationTests\GPU</Filter>
    </ClCompile>
    <ClCompile Include="..\..\source\Tests\CellComputerGpuTests.cpp">
      <Filter>Source Files\IntegrationTests\GPU</Filter>
    </ClCompile>
    <ClCompile Include="..\..\source\Tests\DataDescriptionTransferGpuTests.cpp">
      <Filter>Source Files\IntegrationTests\GPU</Filter>
    </ClCompile>
    <ClCompile Include="..\..\source\Tests\ClusterGpuTests.cpp">
      <Filter>Source Files\IntegrationTests\GPU</Filter>
    </ClCompile>
    <ClCompile Include="..\..\source\Tests\ParticleGpuTests.cpp">
      <Filter>Source Files\IntegrationTests\GPU</Filter>
    </ClCompile>
    <ClCompile Include="..\..\source\Tests\TokenSpreadingGpuTests.cpp">
      <Filter>Source Files\IntegrationTests\GPU</Filter>
    </ClCompile>
    <ClCompile Include="..\..\source\Tests\ClusterSizeTests.cpp">
      <Filter>Source Files\IntegrationTests\CPU</Filter>
    </ClCompile>
    <ClCompile Include="..\..\source\Tests\CommunicatorTests.cpp">
      <Filter>Source Files\IntegrationTests\CPU</Filter>
    </ClCompile>
    <ClCompile Include="..\..\source\Tests\ComparisonTests.cpp">
      <Filter>Source Files\IntegrationTests\CPU</Filter>
    </ClCompile>
    <ClCompile Include="..\..\source\Tests\CpuBenchmarks.cpp">
      <Filter>Source Files\IntegrationTests\CPU</Filter>
    </ClCompile>
    <ClCompile Include="..\..\source\Tests\DataDescriptionTransferTests.cpp">
      <Filter>Source Files\IntegrationTests\CPU</Filter>
    </ClCompile>
    <ClCompile Include="..\..\source\Tests\MultithreadingTests.cpp">
      <Filter>Source Files\IntegrationTests\CPU</Filter>
    </ClCompile>
    <ClCompile Include="..\..\source\Tests\ReplicatorTests.cpp">
      <Filter>Source Files\IntegrationTests\CPU</Filter>
    </ClCompile>
    <ClCompile Include="..\..\source\Tests\SerializationTests.cpp">
      <Filter>Source Files\IntegrationTests\CPU</Filter>
    </ClCompile>
    <ClCompile Include="..\..\source\Tests\CleanupGpuTests.cpp">
      <Filter>Source Files\IntegrationTests\GPU</Filter>
    </ClCompile>
    <ClCompile Include="..\..\source\Tests\ScannerGpuTests.cpp">
      <Filter>Source Files\IntegrationTests\GPU</Filter>
    </ClCompile>
    <ClCompile Include="..\..\source\Tests\ConstructurGpuTests.cpp">
      <Filter>Source Files\IntegrationTests\GPU</Filter>
    </ClCompile>
    <ClCompile Include="..\..\source\Tests\WeaponGpuTests\WeaponGpuTests.cpp">
      <Filter>Source Files\IntegrationTests\GPU</Filter>
    </ClCompile>
  </ItemGroup>
  <ItemGroup>
    <ClInclude Include="..\..\source\Tests\TestSettings.h">
      <Filter>Source Files</Filter>
    </ClInclude>
    <ClInclude Include="..\..\source\Tests\IntegrationTestFramework.h">
      <Filter>Source Files\IntegrationTests</Filter>
    </ClInclude>
    <ClInclude Include="..\..\source\Tests\IntegrationTestHelper.h">
      <Filter>Source Files\IntegrationTests</Filter>
    </ClInclude>
    <ClInclude Include="..\..\source\Tests\Predicates.h">
      <Filter>Source Files</Filter>
    </ClInclude>
    <ClInclude Include="..\..\source\Tests\IntegrationGpuTestFramework.h">
      <Filter>Source Files\IntegrationTests\GPU</Filter>
    </ClInclude>
  </ItemGroup>
</Project>