<?xml version="1.0" encoding="utf-8"?>
<Project ToolsVersion="4.0" xmlns="http://schemas.microsoft.com/developer/msbuild/2003">
  <ItemGroup>
    <ClCompile Include="..\..\source\tests\unittests\CellClusterTest.cpp">
      <Filter>Unittests</Filter>
    </ClCompile>
    <ClCompile Include="..\..\source\tests\unittests\CellFunctionCommunicatorTest.cpp">
      <Filter>Unittests</Filter>
    </ClCompile>
    <ClCompile Include="..\..\source\tests\unittests\PhysicsTest.cpp">
      <Filter>Unittests</Filter>
    </ClCompile>
    <ClCompile Include="..\..\source\tests\Predicates.cpp" />
    <ClCompile Include="..\..\source\tests\Testsuite.cpp" />
    <ClCompile Include="..\..\source\tests\integrationtests\ComparisonTest.cpp">
      <Filter>Integrationtests</Filter>
    </ClCompile>
    <ClCompile Include="..\..\source\tests\integrationtests\ReplicatorTest.cpp">
      <Filter>Integrationtests</Filter>
    </ClCompile>
    <ClCompile Include="..\..\source\tests\unittests\MapCompartmentTest.cpp">
      <Filter>Unittests</Filter>
    </ClCompile>
    <ClCompile Include="..\..\source\tests\unittests\UnitGridTest.cpp">
      <Filter>Unittests</Filter>
    </ClCompile>
  </ItemGroup>
  <ItemGroup>
    <ClInclude Include="..\..\source\tests\TestSettings.h" />
    <ClInclude Include="..\..\source\tests\Predicates.h" />
  </ItemGroup>
  <ItemGroup>
    <Filter Include="Integrationtests">
      <UniqueIdentifier>{d26dbd90-83d9-4195-ae5c-39868733045e}</UniqueIdentifier>
    </Filter>
    <Filter Include="Unittests">
      <UniqueIdentifier>{2e03eb9e-78b7-4476-983a-1279835df123}</UniqueIdentifier>
    </Filter>
  </ItemGroup>
</Project>