<?xml version="1.0" encoding="utf-8"?>
<Project ToolsVersion="4.0" xmlns="http://schemas.microsoft.com/developer/msbuild/2003">
  <ItemGroup>
    <Filter Include="Form Files">
      <UniqueIdentifier>{99349809-55BA-4b9d-BF79-8FDBB0286EB3}</UniqueIdentifier>
      <Extensions>ui</Extensions>
    </Filter>
    <Filter Include="Resource Files">
      <UniqueIdentifier>{D9D6E242-F8AF-46E4-B9FD-80ECBC20BA3E}</UniqueIdentifier>
      <Extensions>qrc;*</Extensions>
      <ParseFiles>false</ParseFiles>
    </Filter>
    <Filter Include="Generated Files">
      <UniqueIdentifier>{71ED8ED8-ACB9-4CE9-BBE1-E00B30144E11}</UniqueIdentifier>
      <Extensions>moc;h;cpp</Extensions>
      <SourceControlFiles>False</SourceControlFiles>
    </Filter>
    <Filter Include="Generated Files\Debug">
      <UniqueIdentifier>{5c250fca-ea08-40e3-908f-8b32a8f2233d}</UniqueIdentifier>
      <Extensions>cpp;moc</Extensions>
      <SourceControlFiles>False</SourceControlFiles>
    </Filter>
    <Filter Include="Generated Files\Release">
      <UniqueIdentifier>{0cc3832d-9943-43e7-9177-7ee3b25707c4}</UniqueIdentifier>
      <Extensions>cpp;moc</Extensions>
      <SourceControlFiles>False</SourceControlFiles>
    </Filter>
    <Filter Include="Source Files">
      <UniqueIdentifier>{431539c7-9cf4-4d37-aaf2-418cccaf405f}</UniqueIdentifier>
    </Filter>
    <Filter Include="Source Files\_Impl">
      <UniqueIdentifier>{35669f81-5e6a-4d47-9626-2d5d2ea41e8e}</UniqueIdentifier>
    </Filter>
  </ItemGroup>
  <ItemGroup>
    <ClCompile Include="GeneratedFiles\Debug\moc_NumberGenerator.cpp">
      <Filter>Generated Files\Debug</Filter>
    </ClCompile>
    <ClCompile Include="GeneratedFiles\Release\moc_NumberGenerator.cpp">
      <Filter>Generated Files\Release</Filter>
    </ClCompile>
    <ClCompile Include="..\..\source\Base\_Impl\GlobalFactoryImpl.cpp">
      <Filter>Source Files\_Impl</Filter>
    </ClCompile>
    <ClCompile Include="..\..\source\Base\_Impl\NumberGeneratorImpl.cpp">
      <Filter>Source Files\_Impl</Filter>
    </ClCompile>
    <ClCompile Include="..\..\source\Base\ServiceLocator.cpp">
      <Filter>Source Files</Filter>
    </ClCompile>
    <ClCompile Include="..\..\source\Base\Definitions.cpp">
      <Filter>Source Files</Filter>
    </ClCompile>
  </ItemGroup>
  <ItemGroup>
    <ClInclude Include="..\..\source\Base\_Impl\GlobalFactoryImpl.h">
      <Filter>Source Files\_Impl</Filter>
    </ClInclude>
    <ClInclude Include="..\..\source\Base\_Impl\NumberGeneratorImpl.h">
      <Filter>Source Files\_Impl</Filter>
    </ClInclude>
    <ClInclude Include="..\..\source\Base\Definitions.h">
      <Filter>Source Files</Filter>
    </ClInclude>
    <ClInclude Include="..\..\source\Base\DllExport.h">
      <Filter>Source Files</Filter>
    </ClInclude>
    <ClInclude Include="..\..\source\Base\GlobalFactory.h">
      <Filter>Source Files</Filter>
    </ClInclude>
    <ClInclude Include="..\..\source\Base\ServiceLocator.h">
      <Filter>Source Files</Filter>
    </ClInclude>
    <ClInclude Include="..\..\source\Base\Tracker.h">
      <Filter>Source Files</Filter>
    </ClInclude>
  </ItemGroup>
  <ItemGroup>
    <CustomBuild Include="..\..\source\Base\NumberGenerator.h">
      <Filter>Source Files</Filter>
    </CustomBuild>
  </ItemGroup>
</Project>