<?xml version="1.0" encoding="utf-8"?>
<Project ToolsVersion="4.0" xmlns="http://schemas.microsoft.com/developer/msbuild/2003">
  <ItemGroup>
    <Filter Include="Source Files">
      <UniqueIdentifier>{4FC737F1-C7A5-4376-A066-2A32D752A2FF}</UniqueIdentifier>
      <Extensions>cpp;cxx;c;def</Extensions>
    </Filter>
    <Filter Include="Form Files">
      <UniqueIdentifier>{99349809-55BA-4b9d-BF79-8FDBB0286EB3}</UniqueIdentifier>
      <Extensions>ui</Extensions>
    </Filter>
    <Filter Include="Resource Files">
      <UniqueIdentifier>{D9D6E242-F8AF-46E4-B9FD-80ECBC20BA3E}</UniqueIdentifier>
      <Extensions>qrc;*</Extensions>
      <ParseFiles>false</ParseFiles>
    </Filter>
    <Filter Include="Generated Files">
      <UniqueIdentifier>{71ED8ED8-ACB9-4CE9-BBE1-E00B30144E11}</UniqueIdentifier>
      <Extensions>moc;h;cpp</Extensions>
      <SourceControlFiles>False</SourceControlFiles>
    </Filter>
    <Filter Include="Generated Files\Debug">
      <UniqueIdentifier>{e1e7bb11-0ef5-4fd7-bedf-e57d032b9650}</UniqueIdentifier>
      <Extensions>cpp;moc</Extensions>
      <SourceControlFiles>False</SourceControlFiles>
    </Filter>
    <Filter Include="Generated Files\Release">
      <UniqueIdentifier>{07603d48-7661-4cd5-94f3-78699fc8a817}</UniqueIdentifier>
      <Extensions>cpp;moc</Extensions>
      <SourceControlFiles>False</SourceControlFiles>
    </Filter>
    <Filter Include="Source Files\Impl">
      <UniqueIdentifier>{44c4d382-b7ba-4648-8ff7-1298a7655dfc}</UniqueIdentifier>
    </Filter>
  </ItemGroup>
  <ItemGroup>
    <ClInclude Include="..\..\source\ModelCpu\Definitions.h">
      <Filter>Source Files</Filter>
    </ClInclude>
    <ClInclude Include="..\..\source\ModelCpu\DllExport.h">
      <Filter>Source Files</Filter>
    </ClInclude>
    <ClInclude Include="..\..\source\ModelCpu\AccessPortFactoryImpl.h">
      <Filter>Source Files\Impl</Filter>
    </ClInclude>
    <ClInclude Include="..\..\source\ModelCpu\CellComputerFunctionImpl.h">
      <Filter>Source Files\Impl</Filter>
    </ClInclude>
    <ClInclude Include="..\..\source\ModelCpu\CellFeatureFactoryImpl.h">
      <Filter>Source Files\Impl</Filter>
    </ClInclude>
    <ClInclude Include="..\..\source\ModelCpu\ContextFactoryImpl.h">
      <Filter>Source Files\Impl</Filter>
    </ClInclude>
    <ClInclude Include="..\..\source\ModelCpu\EnergyGuidanceImpl.h">
      <Filter>Source Files\Impl</Filter>
    </ClInclude>
    <ClInclude Include="..\..\source\ModelCpu\EntityFactoryImpl.h">
      <Filter>Source Files\Impl</Filter>
    </ClInclude>
    <ClInclude Include="..\..\source\ModelCpu\SpacePropertiesImpl.h">
      <Filter>Source Files\Impl</Filter>
    </ClInclude>
    <ClInclude Include="..\..\source\ModelCpu\TokenImpl.h">
      <Filter>Source Files\Impl</Filter>
    </ClInclude>
    <ClInclude Include="..\..\source\ModelCpu\UnitContextImpl.h">
      <Filter>Source Files\Impl</Filter>
    </ClInclude>
    <ClInclude Include="..\..\source\ModelCpu\ModelCpuBuilderFacadeImpl.h">
      <Filter>Source Files\Impl</Filter>
    </ClInclude>
    <ClInclude Include="..\..\source\ModelCpu\ModelCpuBuilderFacade.h">
      <Filter>Source Files</Filter>
    </ClInclude>
    <ClInclude Include="..\..\source\ModelCpu\ModelCpuData.h">
      <Filter>Source Files</Filter>
    </ClInclude>
    <ClInclude Include="..\..\source\ModelCpu\ModelCpuServices.h">
      <Filter>Source Files\Impl</Filter>
    </ClInclude>
    <ClInclude Include="..\..\source\ModelCpu\AccessPortFactory.h">
      <Filter>Source Files\Impl</Filter>
    </ClInclude>
    <ClInclude Include="..\..\source\ModelCpu\Cell.h">
      <Filter>Source Files\Impl</Filter>
    </ClInclude>
    <ClInclude Include="..\..\source\ModelCpu\CellComputerFunction.h">
      <Filter>Source Files\Impl</Filter>
    </ClInclude>
    <ClInclude Include="..\..\source\ModelCpu\CellFeatureChain.h">
      <Filter>Source Files\Impl</Filter>
    </ClInclude>
    <ClInclude Include="..\..\source\ModelCpu\CellFeatureFactory.h">
      <Filter>Source Files\Impl</Filter>
    </ClInclude>
    <ClInclude Include="..\..\source\ModelCpu\CellFunction.h">
      <Filter>Source Files\Impl</Filter>
    </ClInclude>
    <ClInclude Include="..\..\source\ModelCpu\Cluster.h">
      <Filter>Source Files\Impl</Filter>
    </ClInclude>
    <ClInclude Include="..\..\source\ModelCpu\CommunicatorFunction.h">
      <Filter>Source Files\Impl</Filter>
    </ClInclude>
    <ClInclude Include="..\..\source\ModelCpu\ConstructorFunction.h">
      <Filter>Source Files\Impl</Filter>
    </ClInclude>
    <ClInclude Include="..\..\source\ModelCpu\ContextFactory.h">
      <Filter>Source Files\Impl</Filter>
    </ClInclude>
    <ClInclude Include="..\..\source\ModelCpu\EnergyGuidance.h">
      <Filter>Source Files\Impl</Filter>
    </ClInclude>
    <ClInclude Include="..\..\source\ModelCpu\EntityFactory.h">
      <Filter>Source Files\Impl</Filter>
    </ClInclude>
    <ClInclude Include="..\..\source\ModelCpu\EntityWithTimestamp.h">
      <Filter>Source Files\Impl</Filter>
    </ClInclude>
    <ClInclude Include="..\..\source\ModelCpu\Particle.h">
      <Filter>Source Files\Impl</Filter>
    </ClInclude>
    <ClInclude Include="..\..\source\ModelCpu\PhysicalQuantityConverter.h">
      <Filter>Source Files\Impl</Filter>
    </ClInclude>
    <ClInclude Include="..\..\source\ModelCpu\PropulsionFunction.h">
      <Filter>Source Files\Impl</Filter>
    </ClInclude>
    <ClInclude Include="..\..\source\ModelCpu\ScannerFunction.h">
      <Filter>Source Files\Impl</Filter>
    </ClInclude>
    <ClInclude Include="..\..\source\ModelCpu\SensorFunction.h">
      <Filter>Source Files\Impl</Filter>
    </ClInclude>
    <ClInclude Include="..\..\source\ModelCpu\Token.h">
      <Filter>Source Files\Impl</Filter>
    </ClInclude>
    <ClInclude Include="..\..\source\ModelCpu\UnitObserver.h">
      <Filter>Source Files\Impl</Filter>
    </ClInclude>
    <ClInclude Include="..\..\source\ModelCpu\WeaponFunction.h">
      <Filter>Source Files\Impl</Filter>
    </ClInclude>
    <ClInclude Include="..\..\source\ModelCpu\SimulationAccessCpuImpl.h">
      <Filter>Source Files\Impl</Filter>
    </ClInclude>
  </ItemGroup>
  <ItemGroup>
    <ClCompile Include="Debug\moc_CellComputerCompilerImpl.cpp">
      <Filter>Generated Files\Debug</Filter>
    </ClCompile>
    <ClCompile Include="Release\moc_CellComputerCompilerImpl.cpp">
      <Filter>Generated Files\Release</Filter>
    </ClCompile>
    <ClCompile Include="Debug\moc_CellMap.cpp">
      <Filter>Generated Files\Debug</Filter>
    </ClCompile>
    <ClCompile Include="Release\moc_CellMap.cpp">
      <Filter>Generated Files\Release</Filter>
    </ClCompile>
    <ClCompile Include="Debug\moc_CellMapImpl.cpp">
      <Filter>Generated Files\Debug</Filter>
    </ClCompile>
    <ClCompile Include="Release\moc_CellMapImpl.cpp">
      <Filter>Generated Files\Release</Filter>
    </ClCompile>
    <ClCompile Include="..\..\source\ModelCpu\Definitions.cpp">
      <Filter>Source Files</Filter>
    </ClCompile>
    <ClCompile Include="Debug\moc_MapCompartment.cpp">
      <Filter>Generated Files\Debug</Filter>
    </ClCompile>
    <ClCompile Include="Release\moc_MapCompartment.cpp">
      <Filter>Generated Files\Release</Filter>
    </ClCompile>
    <ClCompile Include="Debug\moc_ParticleMap.cpp">
      <Filter>Generated Files\Debug</Filter>
    </ClCompile>
    <ClCompile Include="Release\moc_ParticleMap.cpp">
      <Filter>Generated Files\Release</Filter>
    </ClCompile>
    <ClCompile Include="Debug\moc_ParticleMapImpl.cpp">
      <Filter>Generated Files\Debug</Filter>
    </ClCompile>
    <ClCompile Include="Release\moc_ParticleMapImpl.cpp">
      <Filter>Generated Files\Release</Filter>
    </ClCompile>
    <ClCompile Include="Debug\moc_SignalWrapper.cpp">
      <Filter>Generated Files\Debug</Filter>
    </ClCompile>
    <ClCompile Include="Release\moc_SignalWrapper.cpp">
      <Filter>Generated Files\Release</Filter>
    </ClCompile>
    <ClCompile Include="Debug\moc_SimulationAttributeSetter.cpp">
      <Filter>Generated Files\Debug</Filter>
    </ClCompile>
    <ClCompile Include="Release\moc_SimulationAttributeSetter.cpp">
      <Filter>Generated Files\Release</Filter>
    </ClCompile>
    <ClCompile Include="Debug\moc_SimulationContextImpl.cpp">
      <Filter>Generated Files\Debug</Filter>
    </ClCompile>
    <ClCompile Include="Release\moc_SimulationContextImpl.cpp">
      <Filter>Generated Files\Release</Filter>
    </ClCompile>
    <ClCompile Include="Debug\moc_SimulationMonitorImpl.cpp">
      <Filter>Generated Files\Debug</Filter>
    </ClCompile>
    <ClCompile Include="Release\moc_SimulationMonitorImpl.cpp">
      <Filter>Generated Files\Release</Filter>
    </ClCompile>
    <ClCompile Include="Debug\moc_Unit.cpp">
      <Filter>Generated Files\Debug</Filter>
    </ClCompile>
    <ClCompile Include="Release\moc_Unit.cpp">
      <Filter>Generated Files\Release</Filter>
    </ClCompile>
    <ClCompile Include="Debug\moc_UnitContext.cpp">
      <Filter>Generated Files\Debug</Filter>
    </ClCompile>
    <ClCompile Include="Release\moc_UnitContext.cpp">
      <Filter>Generated Files\Release</Filter>
    </ClCompile>
    <ClCompile Include="Debug\moc_UnitGrid.cpp">
      <Filter>Generated Files\Debug</Filter>
    </ClCompile>
    <ClCompile Include="Release\moc_UnitGrid.cpp">
      <Filter>Generated Files\Release</Filter>
    </ClCompile>
    <ClCompile Include="Debug\moc_UnitGridImpl.cpp">
      <Filter>Generated Files\Debug</Filter>
    </ClCompile>
    <ClCompile Include="Release\moc_UnitGridImpl.cpp">
      <Filter>Generated Files\Release</Filter>
    </ClCompile>
    <ClCompile Include="Debug\moc_UnitImpl.cpp">
      <Filter>Generated Files\Debug</Filter>
    </ClCompile>
    <ClCompile Include="Release\moc_UnitImpl.cpp">
      <Filter>Generated Files\Release</Filter>
    </ClCompile>
    <ClCompile Include="Debug\moc_UnitThread.cpp">
      <Filter>Generated Files\Debug</Filter>
    </ClCompile>
    <ClCompile Include="Release\moc_UnitThread.cpp">
      <Filter>Generated Files\Release</Filter>
    </ClCompile>
    <ClCompile Include="Debug\moc_UnitThreadController.cpp">
      <Filter>Generated Files\Debug</Filter>
    </ClCompile>
    <ClCompile Include="Release\moc_UnitThreadController.cpp">
      <Filter>Generated Files\Release</Filter>
    </ClCompile>
    <ClCompile Include="Debug\moc_UnitThreadControllerImpl.cpp">
      <Filter>Generated Files\Debug</Filter>
    </ClCompile>
    <ClCompile Include="Release\moc_UnitThreadControllerImpl.cpp">
      <Filter>Generated Files\Release</Filter>
    </ClCompile>
    <ClCompile Include="..\..\source\ModelCpu\AccessPortFactoryImpl.cpp">
      <Filter>Source Files\Impl</Filter>
    </ClCompile>
    <ClCompile Include="..\..\source\ModelCpu\CellComputerCompilerImpl.cpp">
      <Filter>Source Files\Impl</Filter>
    </ClCompile>
    <ClCompile Include="..\..\source\ModelCpu\CellComputerFunctionImpl.cpp">
      <Filter>Source Files\Impl</Filter>
    </ClCompile>
    <ClCompile Include="..\..\source\ModelCpu\CellFeatureFactoryImpl.cpp">
      <Filter>Source Files\Impl</Filter>
    </ClCompile>
    <ClCompile Include="..\..\source\ModelCpu\CellMapImpl.cpp">
      <Filter>Source Files\Impl</Filter>
    </ClCompile>
    <ClCompile Include="..\..\source\ModelCpu\ContextFactoryImpl.cpp">
      <Filter>Source Files\Impl</Filter>
    </ClCompile>
    <ClCompile Include="..\..\source\ModelCpu\EnergyGuidanceImpl.cpp">
      <Filter>Source Files\Impl</Filter>
    </ClCompile>
    <ClCompile Include="..\..\source\ModelCpu\EntityFactoryImpl.cpp">
      <Filter>Source Files\Impl</Filter>
    </ClCompile>
    <ClCompile Include="..\..\source\ModelCpu\ParticleMapImpl.cpp">
      <Filter>Source Files\Impl</Filter>
    </ClCompile>
    <ClCompile Include="..\..\source\ModelCpu\SimulationContextImpl.cpp">
      <Filter>Source Files\Impl</Filter>
    </ClCompile>
    <ClCompile Include="..\..\source\ModelCpu\SimulationMonitorImpl.cpp">
      <Filter>Source Files\Impl</Filter>
    </ClCompile>
    <ClCompile Include="..\..\source\ModelCpu\SpacePropertiesImpl.cpp">
      <Filter>Source Files\Impl</Filter>
    </ClCompile>
    <ClCompile Include="..\..\source\ModelCpu\TokenImpl.cpp">
      <Filter>Source Files\Impl</Filter>
    </ClCompile>
    <ClCompile Include="..\..\source\ModelCpu\UnitContextImpl.cpp">
      <Filter>Source Files\Impl</Filter>
    </ClCompile>
    <ClCompile Include="..\..\source\ModelCpu\UnitThreadControllerImpl.cpp">
      <Filter>Source Files\Impl</Filter>
    </ClCompile>
    <ClCompile Include="..\..\source\ModelCpu\UnitGridImpl.cpp">
      <Filter>Source Files\Impl</Filter>
    </ClCompile>
    <ClCompile Include="..\..\source\ModelCpu\ModelCpuBuilderFacadeImpl.cpp">
      <Filter>Source Files\Impl</Filter>
    </ClCompile>
    <ClCompile Include="..\..\source\ModelCpu\ModelCpuData.cpp">
      <Filter>Source Files</Filter>
    </ClCompile>
    <ClCompile Include="..\..\source\ModelCpu\ModelCpuServices.cpp">
      <Filter>Source Files\Impl</Filter>
    </ClCompile>
    <ClCompile Include="..\..\source\ModelCpu\SimulationControllerCpuImpl.cpp">
      <Filter>Source Files\Impl</Filter>
    </ClCompile>
    <ClCompile Include="Debug\moc_SimulationControllerCpuImpl.cpp">
      <Filter>Generated Files\Debug</Filter>
    </ClCompile>
    <ClCompile Include="Release\moc_SimulationControllerCpuImpl.cpp">
      <Filter>Generated Files\Release</Filter>
    </ClCompile>
    <ClCompile Include="..\..\source\ModelCpu\Cell.cpp">
      <Filter>Source Files\Impl</Filter>
    </ClCompile>
    <ClCompile Include="..\..\source\ModelCpu\CellFeatureChain.cpp">
      <Filter>Source Files\Impl</Filter>
    </ClCompile>
    <ClCompile Include="..\..\source\ModelCpu\CellFunction.cpp">
      <Filter>Source Files\Impl</Filter>
    </ClCompile>
    <ClCompile Include="..\..\source\ModelCpu\Cluster.cpp">
      <Filter>Source Files\Impl</Filter>
    </ClCompile>
    <ClCompile Include="..\..\source\ModelCpu\CommunicatorFunction.cpp">
      <Filter>Source Files\Impl</Filter>
    </ClCompile>
    <ClCompile Include="..\..\source\ModelCpu\ConstructorFunction.cpp">
      <Filter>Source Files\Impl</Filter>
    </ClCompile>
    <ClCompile Include="..\..\source\ModelCpu\EntityWithTimestamp.cpp">
      <Filter>Source Files\Impl</Filter>
    </ClCompile>
    <ClCompile Include="..\..\source\ModelCpu\Particle.cpp">
      <Filter>Source Files\Impl</Filter>
    </ClCompile>
    <ClCompile Include="..\..\source\ModelCpu\PhysicalQuantityConverter.cpp">
      <Filter>Source Files\Impl</Filter>
    </ClCompile>
    <ClCompile Include="..\..\source\ModelCpu\PropulsionFunction.cpp">
      <Filter>Source Files\Impl</Filter>
    </ClCompile>
    <ClCompile Include="..\..\source\ModelCpu\ScannerFunction.cpp">
      <Filter>Source Files\Impl</Filter>
    </ClCompile>
    <ClCompile Include="..\..\source\ModelCpu\SensorFunction.cpp">
      <Filter>Source Files\Impl</Filter>
    </ClCompile>
    <ClCompile Include="..\..\source\ModelCpu\SimulationAttributeSetter.cpp">
      <Filter>Source Files\Impl</Filter>
    </ClCompile>
    <ClCompile Include="..\..\source\ModelCpu\UnitImpl.cpp">
      <Filter>Source Files\Impl</Filter>
    </ClCompile>
    <ClCompile Include="..\..\source\ModelCpu\UnitThread.cpp">
      <Filter>Source Files\Impl</Filter>
    </ClCompile>
    <ClCompile Include="..\..\source\ModelCpu\WeaponFunction.cpp">
      <Filter>Source Files\Impl</Filter>
    </ClCompile>
    <ClCompile Include="Debug\moc_SimulationAccessCpu.cpp">
      <Filter>Generated Files\Debug</Filter>
    </ClCompile>
    <ClCompile Include="Release\moc_SimulationAccessCpu.cpp">
      <Filter>Generated Files\Release</Filter>
    </ClCompile>
    <ClCompile Include="..\..\source\ModelCpu\SimulationAccessCpuImpl.cpp">
      <Filter>Source Files\Impl</Filter>
    </ClCompile>
    <ClCompile Include="Debug\moc_SimulationControllerCpu.cpp">
      <Filter>Generated Files\Debug</Filter>
    </ClCompile>
    <ClCompile Include="Release\moc_SimulationControllerCpu.cpp">
      <Filter>Generated Files\Release</Filter>
    </ClCompile>
  </ItemGroup>
  <ItemGroup>
    <CustomBuild Include="..\..\source\ModelCpu\CellComputerCompilerImpl.h">
      <Filter>Source Files\Impl</Filter>
    </CustomBuild>
    <CustomBuild Include="..\..\source\ModelCpu\CellMapImpl.h">
      <Filter>Source Files\Impl</Filter>
    </CustomBuild>
    <CustomBuild Include="..\..\source\ModelCpu\ParticleMapImpl.h">
      <Filter>Source Files\Impl</Filter>
    </CustomBuild>
    <CustomBuild Include="..\..\source\ModelCpu\SimulationContextImpl.h">
      <Filter>Source Files\Impl</Filter>
    </CustomBuild>
    <CustomBuild Include="..\..\source\ModelCpu\SimulationMonitorImpl.h">
      <Filter>Source Files\Impl</Filter>
    </CustomBuild>
    <CustomBuild Include="..\..\source\ModelCpu\UnitThreadControllerImpl.h">
      <Filter>Source Files\Impl</Filter>
    </CustomBuild>
    <CustomBuild Include="..\..\source\ModelCpu\UnitGridImpl.h">
      <Filter>Source Files\Impl</Filter>
    </CustomBuild>
    <CustomBuild Include="..\..\source\ModelCpu\SimulationControllerCpuImpl.h">
      <Filter>Source Files\Impl</Filter>
    </CustomBuild>
    <CustomBuild Include="..\..\source\ModelCpu\CellMap.h">
      <Filter>Source Files\Impl</Filter>
    </CustomBuild>
    <CustomBuild Include="..\..\source\ModelCpu\MapCompartment.h">
      <Filter>Source Files\Impl</Filter>
    </CustomBuild>
    <CustomBuild Include="..\..\source\ModelCpu\ParticleMap.h">
      <Filter>Source Files\Impl</Filter>
    </CustomBuild>
    <CustomBuild Include="..\..\source\ModelCpu\SignalWrapper.h">
      <Filter>Source Files\Impl</Filter>
    </CustomBuild>
    <CustomBuild Include="..\..\source\ModelCpu\SimulationAttributeSetter.h">
      <Filter>Source Files\Impl</Filter>
    </CustomBuild>
    <CustomBuild Include="..\..\source\ModelCpu\Unit.h">
      <Filter>Source Files\Impl</Filter>
    </CustomBuild>
    <CustomBuild Include="..\..\source\ModelCpu\UnitContext.h">
      <Filter>Source Files\Impl</Filter>
    </CustomBuild>
    <CustomBuild Include="..\..\source\ModelCpu\UnitGrid.h">
      <Filter>Source Files\Impl</Filter>
    </CustomBuild>
    <CustomBuild Include="..\..\source\ModelCpu\UnitImpl.h">
      <Filter>Source Files\Impl</Filter>
    </CustomBuild>
    <CustomBuild Include="..\..\source\ModelCpu\UnitThread.h">
      <Filter>Source Files\Impl</Filter>
    </CustomBuild>
    <CustomBuild Include="..\..\source\ModelCpu\UnitThreadController.h">
      <Filter>Source Files\Impl</Filter>
    </CustomBuild>
    <CustomBuild Include="..\..\source\ModelCpu\SimulationAccessCpu.h">
      <Filter>Source Files</Filter>
    </CustomBuild>
    <CustomBuild Include="..\..\source\ModelCpu\SimulationControllerCpu.h">
      <Filter>Source Files</Filter>
    </CustomBuild>
  </ItemGroup>
</Project>