<?xml version="1.0" encoding="utf-8"?>
<Project ToolsVersion="4.0" xmlns="http://schemas.microsoft.com/developer/msbuild/2003">
  <ItemGroup>
    <Filter Include="Resource Files">
      <UniqueIdentifier>{67DA6AB6-F800-4c08-8B7A-83BB121AAD01}</UniqueIdentifier>
      <Extensions>rc;ico;cur;bmp;dlg;rc2;rct;bin;rgs;gif;jpg;jpeg;jpe;resx;tiff;tif;png;wav;mfcribbon-ms</Extensions>
    </Filter>
    <Filter Include="Resource Files">
      <UniqueIdentifier>{D9D6E242-F8AF-46E4-B9FD-80ECBC20BA3E}</UniqueIdentifier>
      <Extensions>qrc;*</Extensions>
      <ParseFiles>false</ParseFiles>
    </Filter>
    <Filter Include="Impl">
      <UniqueIdentifier>{08c3e0be-d8f0-4d77-bf52-980d9d04b2a6}</UniqueIdentifier>
    </Filter>
    <Filter Include="Impl\Actions">
      <UniqueIdentifier>{58b592c5-aaab-45e7-9c3a-46187ee46ec4}</UniqueIdentifier>
    </Filter>
    <Filter Include="Impl\Analysis">
      <UniqueIdentifier>{2833532d-6b9e-4d23-9015-8615ab637ed6}</UniqueIdentifier>
    </Filter>
    <Filter Include="Impl\Help">
      <UniqueIdentifier>{6f744c34-f55e-4a48-b76d-f7db1646ed89}</UniqueIdentifier>
    </Filter>
    <Filter Include="Impl\Editor">
      <UniqueIdentifier>{c8a6296c-49b1-493c-8a20-24b2d9159d27}</UniqueIdentifier>
    </Filter>
    <Filter Include="Impl\Dialogs">
      <UniqueIdentifier>{8b22a986-3246-4030-b443-945482122617}</UniqueIdentifier>
    </Filter>
    <Filter Include="Impl\SimulationView">
      <UniqueIdentifier>{c3413457-7ffe-4597-9ba9-f5bdb7c2819b}</UniqueIdentifier>
    </Filter>
    <Filter Include="Impl\SimulationView\ItemView">
      <UniqueIdentifier>{20054b77-4c6b-481b-8bce-2ea84410bfae}</UniqueIdentifier>
    </Filter>
    <Filter Include="Impl\Toolbar">
      <UniqueIdentifier>{d358c13f-ebae-46bb-8f7d-5c43e54953e6}</UniqueIdentifier>
    </Filter>
    <Filter Include="Impl\WebAdapter">
      <UniqueIdentifier>{0c82d516-3ebd-4478-971b-0762dd6d0729}</UniqueIdentifier>
    </Filter>
    <Filter Include="Impl\Infobar">
      <UniqueIdentifier>{517e4671-661c-4337-98a9-56fd7582d989}</UniqueIdentifier>
    </Filter>
    <Filter Include="Impl\BugReporting">
      <UniqueIdentifier>{786a9adc-2543-4d64-983d-bcd71f8b91b7}</UniqueIdentifier>
    </Filter>
    <Filter Include="Form Files">
      <UniqueIdentifier>{99349809-55BA-4b9d-BF79-8FDBB0286EB3}</UniqueIdentifier>
      <Extensions>ui</Extensions>
      <ParseFiles>true</ParseFiles>
    </Filter>
    <Filter Include="External">
      <UniqueIdentifier>{36c02291-9d5d-4843-bbee-8a1d16fddf5a}</UniqueIdentifier>
    </Filter>
    <Filter Include="Impl\SimulationView\OpenGL">
      <UniqueIdentifier>{c2f57fe4-4bd4-42a4-8028-cf62945795b6}</UniqueIdentifier>
    </Filter>
  </ItemGroup>
  <ItemGroup>
    <QtUic Include="Gui.ui">
      <Filter>Resource Files</Filter>
    </QtUic>
    <QtUic Include="..\..\..\source\Gui\CellComputerEditTab.ui">
      <Filter>Impl\Editor</Filter>
    </QtUic>
    <QtUic Include="..\..\..\source\Gui\MetadataEditTab.ui">
      <Filter>Impl\Editor</Filter>
    </QtUic>
    <QtUic Include="..\..\..\source\Gui\SymbolEditTab.ui">
      <Filter>Impl\Editor</Filter>
    </QtUic>
    <QtUic Include="..\..\..\source\Gui\TokenEditTab.ui">
      <Filter>Impl\Editor</Filter>
    </QtUic>
    <QtUic Include="..\..\..\source\Gui\ComputationSettingsWidget.ui">
      <Filter>Impl\Dialogs</Filter>
    </QtUic>
    <QtUic Include="..\..\..\source\Gui\ComputationSettingsDialog.ui">
      <Filter>Impl\Dialogs</Filter>
    </QtUic>
    <QtUic Include="..\..\..\source\Gui\GridMultiplierDialog.ui">
      <Filter>Impl\Dialogs</Filter>
    </QtUic>
    <QtUic Include="..\..\..\source\Gui\NewHexagonDialog.ui">
      <Filter>Impl\Dialogs</Filter>
    </QtUic>
    <QtUic Include="..\..\..\source\Gui\NewRectangleDialog.ui">
      <Filter>Impl\Dialogs</Filter>
    </QtUic>
    <QtUic Include="..\..\..\source\Gui\NewParticlesDialog.ui">
      <Filter>Impl\Dialogs</Filter>
    </QtUic>
    <QtUic Include="..\..\..\source\Gui\NewSimulationDialog.ui">
      <Filter>Impl\Dialogs</Filter>
    </QtUic>
    <QtUic Include="..\..\..\source\Gui\RandomMultiplierDialog.ui">
      <Filter>Impl\Dialogs</Filter>
    </QtUic>
    <QtUic Include="..\..\..\source\Gui\SimulationParametersDialog.ui">
      <Filter>Impl\Dialogs</Filter>
    </QtUic>
    <QtUic Include="..\..\..\source\Gui\SymbolTableDialog.ui">
      <Filter>Impl\Dialogs</Filter>
    </QtUic>
    <QtUic Include="..\..\..\source\Gui\WebSimulationSelectionView.ui">
      <Filter>Impl\WebAdapter</Filter>
    </QtUic>
    <QtUic Include="..\..\..\source\Gui\ToolbarView.ui">
      <Filter>Impl\Toolbar</Filter>
    </QtUic>
    <QtUic Include="..\..\..\source\Gui\MainView.ui">
      <Filter>Impl</Filter>
    </QtUic>
    <QtUic Include="..\..\..\source\Gui\MonitorView.ui">
      <Filter>Impl\Infobar</Filter>
    </QtUic>
    <QtUic Include="..\..\..\source\Gui\GettingStartedWindow.ui">
      <Filter>Impl\Help</Filter>
    </QtUic>
    <QtUic Include="..\..\..\source\Gui\SimulationViewWidget.ui">
      <Filter>Impl\SimulationView</Filter>
    </QtUic>
    <QtUic Include="..\..\..\source\Gui\LoggingView.ui">
      <Filter>Impl\Infobar</Filter>
    </QtUic>
    <QtUic Include="..\..\..\source\Gui\BugReportDialog.ui">
      <Filter>Impl\BugReporting</Filter>
    </QtUic>
    <QtUic Include="..\..\..\source\Gui\NewDiscDialog.ui">
      <Filter>Impl\Dialogs</Filter>
    </QtUic>
  </ItemGroup>
  <ItemGroup>
    <ClCompile Include="..\..\..\source\Gui\DataRepository.cpp">
      <Filter>Impl</Filter>
    </ClCompile>
    <ClCompile Include="..\..\..\source\Gui\Main.cpp">
      <Filter>Impl</Filter>
    </ClCompile>
    <ClCompile Include="..\..\..\source\Gui\MainController.cpp">
      <Filter>Impl</Filter>
    </ClCompile>
    <ClCompile Include="..\..\..\source\Gui\MainModel.cpp">
      <Filter>Impl</Filter>
    </ClCompile>
    <ClCompile Include="..\..\..\source\Gui\MainView.cpp">
      <Filter>Impl</Filter>
    </ClCompile>
    <ClCompile Include="..\..\..\source\Gui\Notifier.cpp">
      <Filter>Impl</Filter>
    </ClCompile>
    <ClCompile Include="..\..\..\source\Gui\Queue.cpp">
      <Filter>Impl</Filter>
    </ClCompile>
    <ClCompile Include="..\..\..\source\Gui\Settings.cpp">
      <Filter>Impl</Filter>
    </ClCompile>
    <ClCompile Include="..\..\..\source\Gui\SimulationConfig.cpp">
      <Filter>Impl</Filter>
    </ClCompile>
    <ClCompile Include="..\..\..\source\Gui\SnapshotController.cpp">
      <Filter>Impl</Filter>
    </ClCompile>
    <ClCompile Include="..\..\..\source\Gui\ActionController.cpp">
      <Filter>Impl\Actions</Filter>
    </ClCompile>
    <ClCompile Include="..\..\..\source\Gui\ActionHolder.cpp">
      <Filter>Impl\Actions</Filter>
    </ClCompile>
    <ClCompile Include="..\..\..\source\Gui\ActionModel.cpp">
      <Filter>Impl\Actions</Filter>
    </ClCompile>
    <ClCompile Include="..\..\..\source\Gui\DataAnalyzer.cpp">
      <Filter>Impl\Analysis</Filter>
    </ClCompile>
    <ClCompile Include="..\..\..\source\Gui\GettingStartedWindow.cpp">
      <Filter>Impl\Help</Filter>
    </ClCompile>
    <ClCompile Include="..\..\..\source\Gui\CellComputerEditTab.cpp">
      <Filter>Impl\Editor</Filter>
    </ClCompile>
    <ClCompile Include="..\..\..\source\Gui\CellEditTab.cpp">
      <Filter>Impl\Editor</Filter>
    </ClCompile>
    <ClCompile Include="..\..\..\source\Gui\ClusterEditTab.cpp">
      <Filter>Impl\Editor</Filter>
    </ClCompile>
    <ClCompile Include="..\..\..\source\Gui\CodeEditWidget.cpp">
      <Filter>Impl\Editor</Filter>
    </ClCompile>
    <ClCompile Include="..\..\..\source\Gui\DataEditContext.cpp">
      <Filter>Impl\Editor</Filter>
    </ClCompile>
    <ClCompile Include="..\..\..\source\Gui\DataEditController.cpp">
      <Filter>Impl\Editor</Filter>
    </ClCompile>
    <ClCompile Include="..\..\..\source\Gui\DataEditModel.cpp">
      <Filter>Impl\Editor</Filter>
    </ClCompile>
    <ClCompile Include="..\..\..\source\Gui\DataEditView.cpp">
      <Filter>Impl\Editor</Filter>
    </ClCompile>
    <ClCompile Include="..\..\..\source\Gui\HexEditWidget.cpp">
      <Filter>Impl\Editor</Filter>
    </ClCompile>
    <ClCompile Include="..\..\..\source\Gui\MetadataEditTab.cpp">
      <Filter>Impl\Editor</Filter>
    </ClCompile>
    <ClCompile Include="..\..\..\source\Gui\MetadataEditWidget.cpp">
      <Filter>Impl\Editor</Filter>
    </ClCompile>
    <ClCompile Include="..\..\..\source\Gui\ParticleEditTab.cpp">
      <Filter>Impl\Editor</Filter>
    </ClCompile>
    <ClCompile Include="..\..\..\source\Gui\SelectionEditTab.cpp">
      <Filter>Impl\Editor</Filter>
    </ClCompile>
    <ClCompile Include="..\..\..\source\Gui\SymbolEditTab.cpp">
      <Filter>Impl\Editor</Filter>
    </ClCompile>
    <ClCompile Include="..\..\..\source\Gui\TokenEditTab.cpp">
      <Filter>Impl\Editor</Filter>
    </ClCompile>
    <ClCompile Include="..\..\..\source\Gui\TokenEditTabWidget.cpp">
      <Filter>Impl\Editor</Filter>
    </ClCompile>
    <ClCompile Include="..\..\..\source\Gui\TokenEditWidget.cpp">
      <Filter>Impl\Editor</Filter>
    </ClCompile>
    <ClCompile Include="..\..\..\source\Gui\ComputationSettingsDialog.cpp">
      <Filter>Impl\Dialogs</Filter>
    </ClCompile>
    <ClCompile Include="..\..\..\source\Gui\ComputationSettingsWidget.cpp">
      <Filter>Impl\Dialogs</Filter>
    </ClCompile>
    <ClCompile Include="..\..\..\source\Gui\GridMultiplierDialog.cpp">
      <Filter>Impl\Dialogs</Filter>
    </ClCompile>
    <ClCompile Include="..\..\..\source\Gui\MessageHelper.cpp">
      <Filter>Impl\Dialogs</Filter>
    </ClCompile>
    <ClCompile Include="..\..\..\source\Gui\NewHexagonDialog.cpp">
      <Filter>Impl\Dialogs</Filter>
    </ClCompile>
    <ClCompile Include="..\..\..\source\Gui\NewParticlesDialog.cpp">
      <Filter>Impl\Dialogs</Filter>
    </ClCompile>
    <ClCompile Include="..\..\..\source\Gui\NewRectangleDialog.cpp">
      <Filter>Impl\Dialogs</Filter>
    </ClCompile>
    <ClCompile Include="..\..\..\source\Gui\NewSimulationDialog.cpp">
      <Filter>Impl\Dialogs</Filter>
    </ClCompile>
    <ClCompile Include="..\..\..\source\Gui\RandomMultiplierDialog.cpp">
      <Filter>Impl\Dialogs</Filter>
    </ClCompile>
    <ClCompile Include="..\..\..\source\Gui\SimulationParametersDialog.cpp">
      <Filter>Impl\Dialogs</Filter>
    </ClCompile>
    <ClCompile Include="..\..\..\source\Gui\SymbolTableDialog.cpp">
      <Filter>Impl\Dialogs</Filter>
    </ClCompile>
    <ClCompile Include="..\..\..\source\Gui\MonitorController.cpp">
      <Filter>Impl\Infobar</Filter>
    </ClCompile>
    <ClCompile Include="..\..\..\source\Gui\MonitorView.cpp">
      <Filter>Impl\Infobar</Filter>
    </ClCompile>
    <ClCompile Include="..\..\..\source\Gui\SimulationViewWidget.cpp">
      <Filter>Impl\SimulationView</Filter>
    </ClCompile>
    <ClCompile Include="..\..\..\source\Gui\UniverseView.cpp">
      <Filter>Impl\SimulationView</Filter>
    </ClCompile>
    <ClCompile Include="..\..\..\source\Gui\ViewportInterface.cpp">
      <Filter>Impl\SimulationView</Filter>
    </ClCompile>
    <ClCompile Include="..\..\..\source\Gui\AbstractItem.cpp">
      <Filter>Impl\SimulationView\ItemView</Filter>
    </ClCompile>
    <ClCompile Include="..\..\..\source\Gui\CellConnectionItem.cpp">
      <Filter>Impl\SimulationView\ItemView</Filter>
    </ClCompile>
    <ClCompile Include="..\..\..\source\Gui\CellItem.cpp">
      <Filter>Impl\SimulationView\ItemView</Filter>
    </ClCompile>
    <ClCompile Include="..\..\..\source\Gui\CoordinateSystem.cpp">
      <Filter>Impl\SimulationView\ItemView</Filter>
    </ClCompile>
    <ClCompile Include="..\..\..\source\Gui\ItemConfig.cpp">
      <Filter>Impl\SimulationView\ItemView</Filter>
    </ClCompile>
    <ClCompile Include="..\..\..\source\Gui\ItemManager.cpp">
      <Filter>Impl\SimulationView\ItemView</Filter>
    </ClCompile>
    <ClCompile Include="..\..\..\source\Gui\ItemUniverseView.cpp">
      <Filter>Impl\SimulationView\ItemView</Filter>
    </ClCompile>
    <ClCompile Include="..\..\..\source\Gui\ItemViewport.cpp">
      <Filter>Impl\SimulationView\ItemView</Filter>
    </ClCompile>
    <ClCompile Include="..\..\..\source\Gui\ParticleItem.cpp">
      <Filter>Impl\SimulationView\ItemView</Filter>
    </ClCompile>
    <ClCompile Include="..\..\..\source\Gui\MarkerItem.cpp">
      <Filter>Impl\SimulationView\ItemView</Filter>
    </ClCompile>
    <ClCompile Include="..\..\..\source\Gui\ToolbarContext.cpp">
      <Filter>Impl\Toolbar</Filter>
    </ClCompile>
    <ClCompile Include="..\..\..\source\Gui\ToolbarController.cpp">
      <Filter>Impl\Toolbar</Filter>
    </ClCompile>
    <ClCompile Include="..\..\..\source\Gui\ToolbarView.cpp">
      <Filter>Impl\Toolbar</Filter>
    </ClCompile>
    <ClCompile Include="..\..\..\source\Gui\SendLastImageJob.cpp">
      <Filter>Impl\WebAdapter</Filter>
    </ClCompile>
    <ClCompile Include="..\..\..\source\Gui\SendLiveImageJob.cpp">
      <Filter>Impl\WebAdapter</Filter>
    </ClCompile>
    <ClCompile Include="..\..\..\source\Gui\SendStatisticsJob.cpp">
      <Filter>Impl\WebAdapter</Filter>
    </ClCompile>
    <ClCompile Include="..\..\..\source\Gui\WebSimulationController.cpp">
      <Filter>Impl\WebAdapter</Filter>
    </ClCompile>
    <ClCompile Include="..\..\..\source\Gui\WebSimulationSelectionController.cpp">
      <Filter>Impl\WebAdapter</Filter>
    </ClCompile>
    <ClCompile Include="..\..\..\source\Gui\WebSimulationSelectionView.cpp">
      <Filter>Impl\WebAdapter</Filter>
    </ClCompile>
    <ClCompile Include="..\..\..\source\Gui\WebSimulationTableModel.cpp">
      <Filter>Impl\WebAdapter</Filter>
    </ClCompile>
    <ClCompile Include="..\..\..\source\Gui\LoggingController.cpp">
      <Filter>Impl\Infobar</Filter>
    </ClCompile>
    <ClCompile Include="..\..\..\source\Gui\LoggingView.cpp">
      <Filter>Impl\Infobar</Filter>
    </ClCompile>
    <ClCompile Include="..\..\..\source\Gui\GuiLogger.cpp">
      <Filter>Impl\Infobar</Filter>
    </ClCompile>
    <ClCompile Include="..\..\..\source\Gui\FileLogger.cpp">
      <Filter>Impl</Filter>
    </ClCompile>
    <ClCompile Include="..\..\..\source\Gui\GeneralInfoController.cpp">
      <Filter>Impl\Infobar</Filter>
    </ClCompile>
    <ClCompile Include="..\..\..\source\Gui\BugReportLogger.cpp">
      <Filter>Impl\BugReporting</Filter>
    </ClCompile>
    <ClCompile Include="..\..\..\source\Gui\BugReportView.cpp">
      <Filter>Impl\BugReporting</Filter>
    </ClCompile>
    <ClCompile Include="..\..\..\source\Gui\BugReportController.cpp">
      <Filter>Impl\BugReporting</Filter>
    </ClCompile>
    <ClCompile Include="..\..\..\source\Gui\NewDiscDialog.cpp">
      <Filter>Impl\Dialogs</Filter>
    </ClCompile>
    <ClCompile Include="..\..\..\source\Gui\ColorizeDialogController.cpp">
      <Filter>Impl\Dialogs</Filter>
    </ClCompile>
    <ClCompile Include="..\..\..\external\QJsonModel\qjsonmodel.cpp">
      <Filter>External</Filter>
    </ClCompile>
    <ClCompile Include="..\..\..\source\Gui\StartupController.cpp">
      <Filter>Impl</Filter>
    </ClCompile>
    <ClCompile Include="..\..\..\source\Gui\ZoomActionController.cpp">
      <Filter>Impl</Filter>
    </ClCompile>
    <ClCompile Include="..\..\..\source\Gui\OpenGLUniverseView.cpp">
      <Filter>Impl\SimulationView\OpenGL</Filter>
    </ClCompile>
    <ClCompile Include="..\..\..\source\Gui\OpenGLUniverseScene.cpp">
      <Filter>Impl\SimulationView\OpenGL</Filter>
    </ClCompile>
  </ItemGroup>
  <ItemGroup>
    <ClInclude Include="..\..\..\source\Gui\Definitions.h">
      <Filter>Impl</Filter>
    </ClInclude>
    <ClInclude Include="..\..\..\source\Gui\Jobs.h">
      <Filter>Impl</Filter>
    </ClInclude>
    <ClInclude Include="..\..\..\source\Gui\QApplicationHelper.h">
      <Filter>Impl</Filter>
    </ClInclude>
    <ClInclude Include="..\..\..\source\Gui\Settings.h">
      <Filter>Impl</Filter>
    </ClInclude>
    <ClInclude Include="..\..\..\source\Gui\SimulationConfig.h">
      <Filter>Impl</Filter>
    </ClInclude>
    <ClInclude Include="..\..\..\source\Gui\StringHelper.h">
      <Filter>Impl</Filter>
    </ClInclude>
    <ClInclude Include="..\..\..\source\Gui\TabWidgetHelper.h">
      <Filter>Impl\Editor</Filter>
    </ClInclude>
    <ClInclude Include="..\..\..\source\Gui\MessageHelper.h">
      <Filter>Impl\Dialogs</Filter>
    </ClInclude>
    <ClInclude Include="..\..\..\source\Gui\AbstractItem.h">
      <Filter>Impl\SimulationView\ItemView</Filter>
    </ClInclude>
    <ClInclude Include="..\..\..\source\Gui\CellConnectionItem.h">
      <Filter>Impl\SimulationView\ItemView</Filter>
    </ClInclude>
    <ClInclude Include="..\..\..\source\Gui\CellItem.h">
      <Filter>Impl\SimulationView\ItemView</Filter>
    </ClInclude>
    <ClInclude Include="..\..\..\source\Gui\CoordinateSystem.h">
      <Filter>Impl\SimulationView\ItemView</Filter>
    </ClInclude>
    <ClInclude Include="..\..\..\source\Gui\ParticleItem.h">
      <Filter>Impl\SimulationView\ItemView</Filter>
    </ClInclude>
    <ClInclude Include="..\..\..\source\Gui\MarkerItem.h">
      <Filter>Impl\SimulationView\ItemView</Filter>
    </ClInclude>
    <ClInclude Include="resource.h">
      <Filter>Resource Files</Filter>
    </ClInclude>
    <ClInclude Include="..\..\..\source\Gui\FileLogger.h">
      <Filter>Impl</Filter>
    </ClInclude>
    <ClInclude Include="..\..\..\source\Gui\BugReportLogger.h">
      <Filter>Impl\BugReporting</Filter>
    </ClInclude>
    <ClInclude Include="..\..\..\source\Gui\ColorizeDialogController.h">
      <Filter>Impl\Dialogs</Filter>
    </ClInclude>
    <ClInclude Include="..\..\..\source\Gui\OpenGLUniverseScene.h">
      <Filter>Impl\SimulationView\OpenGL</Filter>
    </ClInclude>
  </ItemGroup>
  <ItemGroup>
    <QtMoc Include="..\..\..\source\Gui\DataRepository.h">
      <Filter>Impl</Filter>
    </QtMoc>
    <QtMoc Include="..\..\..\source\Gui\MainController.h">
      <Filter>Impl</Filter>
    </QtMoc>
    <QtMoc Include="..\..\..\source\Gui\MainModel.h">
      <Filter>Impl</Filter>
    </QtMoc>
    <QtMoc Include="..\..\..\source\Gui\MainView.h">
      <Filter>Impl</Filter>
    </QtMoc>
    <QtMoc Include="..\..\..\source\Gui\Notifier.h">
      <Filter>Impl</Filter>
    </QtMoc>
    <QtMoc Include="..\..\..\source\Gui\Queue.h">
      <Filter>Impl</Filter>
    </QtMoc>
    <QtMoc Include="..\..\..\source\Gui\SnapshotController.h">
      <Filter>Impl</Filter>
    </QtMoc>
    <QtMoc Include="..\..\..\source\Gui\ActionController.h">
      <Filter>Impl\Actions</Filter>
    </QtMoc>
    <QtMoc Include="..\..\..\source\Gui\ActionHolder.h">
      <Filter>Impl\Actions</Filter>
    </QtMoc>
    <QtMoc Include="..\..\..\source\Gui\ActionModel.h">
      <Filter>Impl\Actions</Filter>
    </QtMoc>
    <QtMoc Include="..\..\..\source\Gui\DataAnalyzer.h">
      <Filter>Impl\Analysis</Filter>
    </QtMoc>
    <QtMoc Include="..\..\..\source\Gui\GettingStartedWindow.h">
      <Filter>Impl\Help</Filter>
    </QtMoc>
    <QtMoc Include="..\..\..\source\Gui\CellComputerEditTab.h">
      <Filter>Impl\Editor</Filter>
    </QtMoc>
    <QtMoc Include="..\..\..\source\Gui\CellEditTab.h">
      <Filter>Impl\Editor</Filter>
    </QtMoc>
    <QtMoc Include="..\..\..\source\Gui\ClusterEditTab.h">
      <Filter>Impl\Editor</Filter>
    </QtMoc>
    <QtMoc Include="..\..\..\source\Gui\CodeEditWidget.h">
      <Filter>Impl\Editor</Filter>
    </QtMoc>
    <QtMoc Include="..\..\..\source\Gui\DataEditContext.h">
      <Filter>Impl\Editor</Filter>
    </QtMoc>
    <QtMoc Include="..\..\..\source\Gui\DataEditController.h">
      <Filter>Impl\Editor</Filter>
    </QtMoc>
    <QtMoc Include="..\..\..\source\Gui\DataEditModel.h">
      <Filter>Impl\Editor</Filter>
    </QtMoc>
    <QtMoc Include="..\..\..\source\Gui\DataEditView.h">
      <Filter>Impl\Editor</Filter>
    </QtMoc>
    <QtMoc Include="..\..\..\source\Gui\HexEditWidget.h">
      <Filter>Impl\Editor</Filter>
    </QtMoc>
    <QtMoc Include="..\..\..\source\Gui\MetadataEditTab.h">
      <Filter>Impl\Editor</Filter>
    </QtMoc>
    <QtMoc Include="..\..\..\source\Gui\MetadataEditWidget.h">
      <Filter>Impl\Editor</Filter>
    </QtMoc>
    <QtMoc Include="..\..\..\source\Gui\ParticleEditTab.h">
      <Filter>Impl\Editor</Filter>
    </QtMoc>
    <QtMoc Include="..\..\..\source\Gui\SelectionEditTab.h">
      <Filter>Impl\Editor</Filter>
    </QtMoc>
    <QtMoc Include="..\..\..\source\Gui\SymbolEditTab.h">
      <Filter>Impl\Editor</Filter>
    </QtMoc>
    <QtMoc Include="..\..\..\source\Gui\TokenEditTab.h">
      <Filter>Impl\Editor</Filter>
    </QtMoc>
    <QtMoc Include="..\..\..\source\Gui\TokenEditTabWidget.h">
      <Filter>Impl\Editor</Filter>
    </QtMoc>
    <QtMoc Include="..\..\..\source\Gui\TokenEditWidget.h">
      <Filter>Impl\Editor</Filter>
    </QtMoc>
    <QtMoc Include="..\..\..\source\Gui\ComputationSettingsDialog.h">
      <Filter>Impl\Dialogs</Filter>
    </QtMoc>
    <QtMoc Include="..\..\..\source\Gui\ComputationSettingsWidget.h">
      <Filter>Impl\Dialogs</Filter>
    </QtMoc>
    <QtMoc Include="..\..\..\source\Gui\GridMultiplierDialog.h">
      <Filter>Impl\Dialogs</Filter>
    </QtMoc>
    <QtMoc Include="..\..\..\source\Gui\NewHexagonDialog.h">
      <Filter>Impl\Dialogs</Filter>
    </QtMoc>
    <QtMoc Include="..\..\..\source\Gui\NewParticlesDialog.h">
      <Filter>Impl\Dialogs</Filter>
    </QtMoc>
    <QtMoc Include="..\..\..\source\Gui\NewRectangleDialog.h">
      <Filter>Impl\Dialogs</Filter>
    </QtMoc>
    <QtMoc Include="..\..\..\source\Gui\NewSimulationDialog.h">
      <Filter>Impl\Dialogs</Filter>
    </QtMoc>
    <QtMoc Include="..\..\..\source\Gui\RandomMultiplierDialog.h">
      <Filter>Impl\Dialogs</Filter>
    </QtMoc>
    <QtMoc Include="..\..\..\source\Gui\SimulationParametersDialog.h">
      <Filter>Impl\Dialogs</Filter>
    </QtMoc>
    <QtMoc Include="..\..\..\source\Gui\SymbolTableDialog.h">
      <Filter>Impl\Dialogs</Filter>
    </QtMoc>
    <QtMoc Include="..\..\..\source\Gui\MonitorController.h">
      <Filter>Impl\Infobar</Filter>
    </QtMoc>
    <QtMoc Include="..\..\..\source\Gui\MonitorView.h">
      <Filter>Impl\Infobar</Filter>
    </QtMoc>
    <QtMoc Include="..\..\..\source\Gui\SimulationViewWidget.h">
      <Filter>Impl\SimulationView</Filter>
    </QtMoc>
    <QtMoc Include="..\..\..\source\Gui\UniverseView.h">
      <Filter>Impl\SimulationView</Filter>
    </QtMoc>
    <QtMoc Include="..\..\..\source\Gui\ViewportInterface.h">
      <Filter>Impl\SimulationView</Filter>
    </QtMoc>
    <QtMoc Include="..\..\..\source\Gui\ItemConfig.h">
      <Filter>Impl\SimulationView\ItemView</Filter>
    </QtMoc>
    <QtMoc Include="..\..\..\source\Gui\ItemManager.h">
      <Filter>Impl\SimulationView\ItemView</Filter>
    </QtMoc>
    <QtMoc Include="..\..\..\source\Gui\ItemUniverseView.h">
      <Filter>Impl\SimulationView\ItemView</Filter>
    </QtMoc>
    <QtMoc Include="..\..\..\source\Gui\ItemViewport.h">
      <Filter>Impl\SimulationView\ItemView</Filter>
    </QtMoc>
    <QtMoc Include="..\..\..\source\Gui\OpenGLUniverseView.h">
      <Filter>Impl\SimulationView\OpenGL</Filter>
    </QtMoc>
    <QtMoc Include="..\..\..\source\Gui\ToolbarContext.h">
      <Filter>Impl\Toolbar</Filter>
    </QtMoc>
    <QtMoc Include="..\..\..\source\Gui\ToolbarController.h">
      <Filter>Impl\Toolbar</Filter>
    </QtMoc>
    <QtMoc Include="..\..\..\source\Gui\ToolbarView.h">
      <Filter>Impl\Toolbar</Filter>
    </QtMoc>
    <QtMoc Include="..\..\..\source\Gui\SendLastImageJob.h">
      <Filter>Impl\WebAdapter</Filter>
    </QtMoc>
    <QtMoc Include="..\..\..\source\Gui\SendLiveImageJob.h">
      <Filter>Impl\WebAdapter</Filter>
    </QtMoc>
    <QtMoc Include="..\..\..\source\Gui\SendStatisticsJob.h">
      <Filter>Impl\WebAdapter</Filter>
    </QtMoc>
    <QtMoc Include="..\..\..\source\Gui\WebSimulationController.h">
      <Filter>Impl\WebAdapter</Filter>
    </QtMoc>
    <QtMoc Include="..\..\..\source\Gui\WebSimulationSelectionController.h">
      <Filter>Impl\WebAdapter</Filter>
    </QtMoc>
    <QtMoc Include="..\..\..\source\Gui\WebSimulationSelectionView.h">
      <Filter>Impl\WebAdapter</Filter>
    </QtMoc>
    <QtMoc Include="..\..\..\source\Gui\WebSimulationTableModel.h">
      <Filter>Impl\WebAdapter</Filter>
    </QtMoc>
    <QtMoc Include="..\..\..\source\Gui\LoggingController.h">
      <Filter>Impl\Infobar</Filter>
    </QtMoc>
    <QtMoc Include="..\..\..\source\Gui\LoggingView.h">
      <Filter>Impl\Infobar</Filter>
    </QtMoc>
    <QtMoc Include="..\..\..\source\Gui\GuiLogger.h">
      <Filter>Impl\Infobar</Filter>
    </QtMoc>
    <QtMoc Include="..\..\..\source\Gui\GeneralInfoController.h">
      <Filter>Impl\Infobar</Filter>
    </QtMoc>
    <QtMoc Include="..\..\..\source\Gui\BugReportView.h">
      <Filter>Impl\BugReporting</Filter>
    </QtMoc>
    <QtMoc Include="..\..\..\source\Gui\BugReportController.h">
      <Filter>Impl\BugReporting</Filter>
    </QtMoc>
    <QtMoc Include="..\..\..\source\Gui\NewDiscDialog.h">
      <Filter>Impl\Dialogs</Filter>
    </QtMoc>
    <QtMoc Include="..\..\..\external\QJsonModel\qjsonmodel.h">
      <Filter>External</Filter>
    </QtMoc>
    <QtMoc Include="..\..\..\source\Gui\StartupController.h">
      <Filter>Impl</Filter>
    </QtMoc>
    <QtMoc Include="..\..\..\source\Gui\ZoomActionController.h">
      <Filter>Impl</Filter>
    </QtMoc>
  </ItemGroup>
  <ItemGroup>
    <ResourceCompile Include="Gui.rc">
      <Filter>Resource Files</Filter>
    </ResourceCompile>
    <ResourceCompile Include="icon.rc">
      <Filter>Resource Files</Filter>
    </ResourceCompile>
  </ItemGroup>
  <ItemGroup>
    <QtRcc Include="..\..\..\source\Gui\Resources/resources.qrc">
      <Filter>Resource Files</Filter>
    </QtRcc>
  </ItemGroup>
  <ItemGroup>
    <None Include="cpp.hint" />
  </ItemGroup>
  <ItemGroup>
    <Text Include="..\..\..\source\Gui\Resources\FragmentShader.txt">
      <Filter>Resource Files</Filter>
    </Text>
    <Text Include="..\..\..\source\Gui\Resources\VertexShader.txt">
      <Filter>Resource Files</Filter>
    </Text>
  </ItemGroup>
</Project>