<?xml version="1.0" encoding="utf-8"?>
<Project ToolsVersion="4.0" xmlns="http://schemas.microsoft.com/developer/msbuild/2003">
  <ItemGroup>
    <Filter Include="Source Files">
      <UniqueIdentifier>{4FC737F1-C7A5-4376-A066-2A32D752A2FF}</UniqueIdentifier>
      <Extensions>cpp;cxx;c;def</Extensions>
    </Filter>
    <Filter Include="Form Files">
      <UniqueIdentifier>{99349809-55BA-4b9d-BF79-8FDBB0286EB3}</UniqueIdentifier>
      <Extensions>ui</Extensions>
    </Filter>
    <Filter Include="Resource Files">
      <UniqueIdentifier>{D9D6E242-F8AF-46E4-B9FD-80ECBC20BA3E}</UniqueIdentifier>
      <Extensions>qrc;*</Extensions>
      <ParseFiles>false</ParseFiles>
    </Filter>
    <Filter Include="Generated Files">
      <UniqueIdentifier>{71ED8ED8-ACB9-4CE9-BBE1-E00B30144E11}</UniqueIdentifier>
      <Extensions>moc;h;cpp</Extensions>
      <SourceControlFiles>False</SourceControlFiles>
    </Filter>
    <Filter Include="Source Files\Impl">
      <UniqueIdentifier>{00ef4402-c9b3-4c78-b888-831f4e81a068}</UniqueIdentifier>
    </Filter>
    <Filter Include="Generated Files\Debug">
      <UniqueIdentifier>{2713fc48-798a-4fe1-8d79-0b047d179f82}</UniqueIdentifier>
      <Extensions>cpp;moc</Extensions>
      <SourceControlFiles>False</SourceControlFiles>
    </Filter>
    <Filter Include="Generated Files\Release">
      <UniqueIdentifier>{7a4eeb04-5e42-4f69-ab8a-236dc0ab7191}</UniqueIdentifier>
      <Extensions>cpp;moc</Extensions>
      <SourceControlFiles>False</SourceControlFiles>
    </Filter>
  </ItemGroup>
  <ItemGroup>
    <ClInclude Include="..\..\source\Web\DllExport.h">
      <Filter>Source Files</Filter>
    </ClInclude>
    <ClInclude Include="..\..\source\Web\Definitions.h">
      <Filter>Source Files</Filter>
    </ClInclude>
    <ClInclude Include="..\..\source\Web\WebBuilderFacade.h">
      <Filter>Source Files</Filter>
    </ClInclude>
    <ClInclude Include="..\..\source\Web\WebBuilderFacadeImpl.h">
      <Filter>Source Files\Impl</Filter>
    </ClInclude>
    <ClInclude Include="..\..\source\Web\WebControllerImpl.h">
      <Filter>Source Files\Impl</Filter>
    </ClInclude>
    <ClInclude Include="..\..\source\Web\SimulationInfo.h">
      <Filter>Source Files</Filter>
    </ClInclude>
    <ClInclude Include="..\..\source\Web\WebServices.h">
      <Filter>Source Files</Filter>
    </ClInclude>
  </ItemGroup>
  <ItemGroup>
    <ClCompile Include="..\..\source\Web\WebBuilderFacadeImpl.cpp">
      <Filter>Source Files\Impl</Filter>
    </ClCompile>
    <ClCompile Include="..\..\source\Web\WebControllerImpl.cpp">
      <Filter>Source Files\Impl</Filter>
    </ClCompile>
    <ClCompile Include="Debug\moc_WebController.cpp">
      <Filter>Generated Files\Debug</Filter>
    </ClCompile>
    <ClCompile Include="Release\moc_WebController.cpp">
      <Filter>Generated Files\Release</Filter>
    </ClCompile>
    <ClCompile Include="..\..\source\Web\HttpClient.cpp">
      <Filter>Source Files\Impl</Filter>
    </ClCompile>
    <ClCompile Include="Debug\moc_HttpClient.cpp">
      <Filter>Generated Files\Debug</Filter>
    </ClCompile>
    <ClCompile Include="Release\moc_HttpClient.cpp">
      <Filter>Generated Files\Release</Filter>
    </ClCompile>
    <ClCompile Include="..\..\source\Web\WebServices.cpp">
      <Filter>Source Files</Filter>
    </ClCompile>
  </ItemGroup>
  <ItemGroup>
    <CustomBuild Include="..\..\source\Web\WebController.h">
      <Filter>Source Files</Filter>
    </CustomBuild>
    <CustomBuild Include="..\..\source\Web\HttpClient.h">
      <Filter>Source Files\Impl</Filter>
    </CustomBuild>
  </ItemGroup>
</Project>